
Microsoft Visual Studio Solution File, Format Version 12.00
# Visual Studio Version 16
VisualStudioVersion = 16.0.30114.105
MinimumVisualStudioVersion = 10.0.40219.1
Project("{FAE04EC0-301F-11D3-BF4B-00C04F79EFBC}") = "Penguin.Cms.Modules.InternalMessaging.Local", "Penguin.Cms.Modules.InternalMessaging.Local.csproj", "{7E0EADC0-893D-4DDA-B4E7-0B0420D675E0}"
EndProject
Project("{FAE04EC0-301F-11D3-BF4B-00C04F79EFBC}") = "Penguin.Cms.InternalMessaging.Repositories.Local", "..\Penguin.Cms.InternalMessaging.Repositories\Penguin.Cms.InternalMessaging.Repositories.Local.csproj", "{F067F9FC-8B7C-4F42-B29B-7AFF98ECCFE8}"
EndProject
Project("{FAE04EC0-301F-11D3-BF4B-00C04F79EFBC}") = "Penguin.Extensions.Collections.Local", "..\Penguin.Extensions.Collections\Penguin.Extensions.Collections.Local.csproj", "{FB64A733-2654-42CB-8291-0CA83DF0880E}"
EndProject
Project("{FAE04EC0-301F-11D3-BF4B-00C04F79EFBC}") = "Penguin.Reflection.Extensions.Local", "..\Penguin.Reflection.Extensions\Penguin.Reflection.Extensions.Local.csproj", "{1745E0B0-5D1A-40B8-A9DB-9811188A8B16}"
EndProject
Project("{FAE04EC0-301F-11D3-BF4B-00C04F79EFBC}") = "Penguin.Reflection.Abstractions.Local", "..\Penguin.Reflection.Abstractions\Penguin.Reflection.Abstractions.Local.csproj", "{5D03B2CC-7CA8-4CE6-BD19-86EAD809FF97}"
EndProject
Project("{FAE04EC0-301F-11D3-BF4B-00C04F79EFBC}") = "Penguin.Extensions.String.Local", "..\Penguin.Extensions.String\Penguin.Extensions.String.Local.csproj", "{8ABC2683-658E-48C9-9E32-06A08A87A9B7}"
EndProject
Project("{FAE04EC0-301F-11D3-BF4B-00C04F79EFBC}") = "Penguin.Cms.InternalMessaging.Local", "..\Penguin.Cms.InternalMessaging\Penguin.Cms.InternalMessaging.Local.csproj", "{89834E39-1DFA-4331-AFAD-670755FC3264}"
EndProject
Project("{FAE04EC0-301F-11D3-BF4B-00C04F79EFBC}") = "Penguin.Shared.Objects.Local", "..\Penguin.Shared.Objects\Penguin.Shared.Objects.Local.csproj", "{4D9CDD48-E2FC-48BD-AD51-9ACF36F54D6A}"
EndProject
Project("{FAE04EC0-301F-11D3-BF4B-00C04F79EFBC}") = "Penguin.Cms.Entities.Local", "..\Penguin.Cms.Entities\Penguin.Cms.Entities.Local.csproj", "{0C314850-8AB4-4768-B473-D4BC57A1A7B3}"
EndProject
Project("{FAE04EC0-301F-11D3-BF4B-00C04F79EFBC}") = "Penguin.Persistence.Abstractions.Local", "..\Penguin.Persistence.Abstractions\Penguin.Persistence.Abstractions.Local.csproj", "{2FA72904-285C-42DC-A76C-BF3898549082}"
EndProject
Project("{FAE04EC0-301F-11D3-BF4B-00C04F79EFBC}") = "Penguin.Entities.Abstractions.Local", "..\Penguin.Entities.Abstractions\Penguin.Entities.Abstractions.Local.csproj", "{FCD990F9-9E90-4EE1-8CF4-135579EDF1B7}"
EndProject
Project("{FAE04EC0-301F-11D3-BF4B-00C04F79EFBC}") = "Penguin.Cms.Security.Repositories.Local", "..\Penguin.Cms.Security.Repositories\Penguin.Cms.Security.Repositories.Local.csproj", "{86C95479-F05E-475D-9151-A7B76E6984BA}"
EndProject
Project("{FAE04EC0-301F-11D3-BF4B-00C04F79EFBC}") = "Penguin.Cms.Security.Local", "..\Penguin.Cms.Security\Penguin.Cms.Security.Local.csproj", "{750324CD-7AAE-4FB4-BD62-D4E394C3F6D6}"
EndProject
Project("{FAE04EC0-301F-11D3-BF4B-00C04F79EFBC}") = "Penguin.Auditing.Abstractions.Local", "..\Penguin.Auditing.Abstractions\Penguin.Auditing.Abstractions.Local.csproj", "{E95C18D9-2F49-4770-94B4-991D36AF102B}"
EndProject
Project("{FAE04EC0-301F-11D3-BF4B-00C04F79EFBC}") = "Penguin.Cms.Email.Abstractions.Local", "..\Penguin.Cms.Email.Abstractions\Penguin.Cms.Email.Abstractions.Local.csproj", "{B0EBF44B-00BB-4F12-B95F-A345BB5686BA}"
EndProject
Project("{FAE04EC0-301F-11D3-BF4B-00C04F79EFBC}") = "Penguin.Email.Abstractions.Local", "..\Penguin.Email.Abstractions\Penguin.Email.Abstractions.Local.csproj", "{27BAC67A-F580-4365-A21F-A946B7A1098A}"
EndProject
Project("{FAE04EC0-301F-11D3-BF4B-00C04F79EFBC}") = "Penguin.Files.Abstractions.Local", "..\Penguin.Files.Abstractions\Penguin.Files.Abstractions.Local.csproj", "{1074AD1F-B2CE-4784-83A0-C2566B9CDD07}"
EndProject
Project("{FAE04EC0-301F-11D3-BF4B-00C04F79EFBC}") = "Penguin.Email.Templating.Abstractions.Local", "..\Penguin.Email.Templating.Abstractions\Penguin.Email.Templating.Abstractions.Local.csproj", "{7789C722-67FD-4F0D-9FD0-50A6B16F8BCF}"
EndProject
Project("{FAE04EC0-301F-11D3-BF4B-00C04F79EFBC}") = "Penguin.Templating.Abstractions.Local", "..\Penguin.Templating.Abstractions\Penguin.Templating.Abstractions.Local.csproj", "{D79726A4-737B-4B3B-8BE8-7A60660EF726}"
EndProject
Project("{FAE04EC0-301F-11D3-BF4B-00C04F79EFBC}") = "Penguin.Security.Abstractions.Local", "..\Penguin.Security.Abstractions\Penguin.Security.Abstractions.Local.csproj", "{C067457E-3CA2-4D3B-BC3F-6348F35196D3}"
EndProject
Project("{FAE04EC0-301F-11D3-BF4B-00C04F79EFBC}") = "Penguin.Cms.Abstractions.Local", "..\Penguin.Cms.Abstractions\Penguin.Cms.Abstractions.Local.csproj", "{D77ABDFD-AF76-4B50-8E9A-87AF08364621}"
EndProject
Project("{FAE04EC0-301F-11D3-BF4B-00C04F79EFBC}") = "Penguin.DependencyInjection.Abstractions.Local", "..\Penguin.DependencyInjection.Abstractions\Penguin.DependencyInjection.Abstractions.Local.csproj", "{3FA4767B-3568-406F-9EFA-B60362CFB7EF}"
EndProject
Project("{FAE04EC0-301F-11D3-BF4B-00C04F79EFBC}") = "Penguin.Cms.Repositories.Local", "..\Penguin.Cms.Repositories\Penguin.Cms.Repositories.Local.csproj", "{3974648C-FEA4-47FA-9F25-367C5B482BCC}"
EndProject
Project("{FAE04EC0-301F-11D3-BF4B-00C04F79EFBC}") = "Penguin.Persistence.Repositories.Local", "..\Penguin.Persistence.Repositories\Penguin.Persistence.Repositories.Local.csproj", "{96840284-2DD2-4663-848A-8DC1A3124039}"
EndProject
Project("{FAE04EC0-301F-11D3-BF4B-00C04F79EFBC}") = "Penguin.Messaging.Persistence.Local", "..\Penguin.Messaging.Persistence\Penguin.Messaging.Persistence.Local.csproj", "{B4E1C3C2-D507-4AEC-8071-977BFD6B66DC}"
EndProject
Project("{FAE04EC0-301F-11D3-BF4B-00C04F79EFBC}") = "Penguin.Messaging.Abstractions.Local", "..\Penguin.Messaging.Abstractions\Penguin.Messaging.Abstractions.Local.csproj", "{1F2A32A5-C88E-4468-85F1-8DE2A652042C}"
EndProject
Project("{FAE04EC0-301F-11D3-BF4B-00C04F79EFBC}") = "Penguin.Messaging.Core.Local", "..\Penguin.Messaging.Core\Penguin.Messaging.Core.Local.csproj", "{70A26760-C9FE-485E-863B-19CD87BB0CED}"
EndProject
Project("{FAE04EC0-301F-11D3-BF4B-00C04F79EFBC}") = "Penguin.Debugging.Local", "..\Penguin.Debugging\Penguin.Debugging.Local.csproj", "{B17145DC-0925-4E5E-927A-0946605BCA5F}"
EndProject
Project("{FAE04EC0-301F-11D3-BF4B-00C04F79EFBC}") = "Penguin.Extensions.Exceptions.Local", "..\Penguin.Extensions.Exceptions\Penguin.Extensions.Exceptions.Local.csproj", "{D497C3F0-D3AA-42A8-8688-6A44FB9B7283}"
EndProject
Project("{FAE04EC0-301F-11D3-BF4B-00C04F79EFBC}") = "Penguin.Reflection.Local", "..\Penguin.Reflection\Penguin.Reflection.Local.csproj", "{1FC5CE7B-0040-4B68-9146-863CBD93944F}"
EndProject
Project("{FAE04EC0-301F-11D3-BF4B-00C04F79EFBC}") = "Penguin.Cms.Web.Local", "..\Penguin.Cms.Web\Penguin.Cms.Web.Local.csproj", "{2D1A53B1-1C31-421D-8514-B3F35D7C6E49}"
EndProject
Project("{FAE04EC0-301F-11D3-BF4B-00C04F79EFBC}") = "Penguin.Web.Mvc.Local", "..\Penguin.Web.Mvc\Penguin.Web.Mvc.Local.csproj", "{20579B67-3501-45A5-8DD2-D6EB35221A6B}"
EndProject
Project("{FAE04EC0-301F-11D3-BF4B-00C04F79EFBC}") = "Penguin.Web.Mvc.Abstractions.Local", "..\Penguin.Web.Mvc.Abstractions\Penguin.Web.Mvc.Abstractions.Local.csproj", "{B4C68ABC-7CBE-4BDE-A14B-A03801DDC702}"
EndProject
Project("{FAE04EC0-301F-11D3-BF4B-00C04F79EFBC}") = "Penguin.Web.Abstractions.Local", "..\Penguin.Web.Abstractions\Penguin.Web.Abstractions.Local.csproj", "{17789A53-FFB7-4AC1-91D9-914401F47AA2}"
EndProject
Project("{FAE04EC0-301F-11D3-BF4B-00C04F79EFBC}") = "Penguin.Configuration.Local", "..\Penguin.Configuration\Penguin.Configuration.Local.csproj", "{3041E019-5E1A-4664-A6D8-4C0EB123DE5F}"
EndProject
Project("{FAE04EC0-301F-11D3-BF4B-00C04F79EFBC}") = "Penguin.Configuration.Abstractions.Local", "..\Penguin.Configuration.Abstractions\Penguin.Configuration.Abstractions.Local.csproj", "{5AA7BA36-9603-4368-9A0F-6BC2F35062A0}"
EndProject
Project("{FAE04EC0-301F-11D3-BF4B-00C04F79EFBC}") = "Penguin.Messaging.Application.Local", "..\Penguin.Messaging.Application\Penguin.Messaging.Application.Local.csproj", "{736804B4-45F7-4983-A6A9-DA4C1F0C298E}"
EndProject
Project("{FAE04EC0-301F-11D3-BF4B-00C04F79EFBC}") = "Penguin.Testing.Local", "..\Penguin.Testing\Penguin.Testing.Local.csproj", "{CF9A53F2-0FE6-40C5-B6B5-2201A701111D}"
EndProject
Project("{FAE04EC0-301F-11D3-BF4B-00C04F79EFBC}") = "Penguin.Web.Errors.Local", "..\Penguin.Web.Errors\Penguin.Web.Errors.Local.csproj", "{72129FE7-9AEC-4EAB-9E6C-F62D97D360A4}"
EndProject
Project("{FAE04EC0-301F-11D3-BF4B-00C04F79EFBC}") = "Penguin.Files.Local", "..\Penguin.Files\Penguin.Files.Local.csproj", "{90FE4EF5-16D4-49EE-8603-19E215D7A6E6}"
EndProject
Project("{FAE04EC0-301F-11D3-BF4B-00C04F79EFBC}") = "Penguin.Web.DependencyInjection.Local", "..\Penguin.Web.DependencyInjection\Penguin.Web.DependencyInjection.Local.csproj", "{664DBAB1-7195-42BC-9A88-3581B5995CE3}"
EndProject
Project("{FAE04EC0-301F-11D3-BF4B-00C04F79EFBC}") = "Penguin.Web.Testing.Local", "..\Penguin.Web.Testing\Penguin.Web.Testing.Local.csproj", "{062BF2D0-68D3-40B4-970D-78DB51A0B91A}"
EndProject
Project("{FAE04EC0-301F-11D3-BF4B-00C04F79EFBC}") = "Penguin.DependencyInjection.Local", "..\Penguin.DependencyInjection\Penguin.DependencyInjection.Local.csproj", "{6FE59618-647C-4E2B-9939-65D9FB85051A}"
EndProject
Project("{FAE04EC0-301F-11D3-BF4B-00C04F79EFBC}") = "Penguin.Reflection.Serialization.Extensions.Local", "..\Penguin.Reflection.Serialization.Extensions\Penguin.Reflection.Serialization.Extensions.Local.csproj", "{5C083FB7-5625-425B-98A7-76E894665127}"
EndProject
Project("{FAE04EC0-301F-11D3-BF4B-00C04F79EFBC}") = "Penguin.Reflection.Serialization.Local", "..\Penguin.Reflection.Serialization\Penguin.Reflection.Serialization.Local.csproj", "{8BA03178-1640-402C-A4C5-E2EF1DD5DDEA}"
EndProject
Project("{FAE04EC0-301F-11D3-BF4B-00C04F79EFBC}") = "Penguin.Reflection.Serialization.Abstractions.Local", "..\Penguin.Reflection.Serialization.Abstractions\Penguin.Reflection.Serialization.Abstractions.Local.csproj", "{0F3D302E-B9FA-451D-B06B-AADCD63C28CE}"
EndProject
Project("{FAE04EC0-301F-11D3-BF4B-00C04F79EFBC}") = "Penguin.Persistence.Database.Local", "..\Penguin.Persistence.Database\Penguin.Persistence.Database.Local.csproj", "{A9C96264-7A87-4660-88FE-9888CA5CF19F}"
EndProject
Project("{FAE04EC0-301F-11D3-BF4B-00C04F79EFBC}") = "Penguin.Threading.BackgroundWorker.Local", "..\Penguin.Threading.BackgroundWorker\Penguin.Threading.BackgroundWorker.Local.csproj", "{9F6D85EA-6B9A-4E82-8EA4-F96AC692B60C}"
EndProject
Global
	GlobalSection(SolutionConfigurationPlatforms) = preSolution
		Debug|Any CPU = Debug|Any CPU
		Debug|x64 = Debug|x64
		Debug|x86 = Debug|x86
		Release|Any CPU = Release|Any CPU
		Release|x64 = Release|x64
		Release|x86 = Release|x86
	EndGlobalSection
	GlobalSection(SolutionProperties) = preSolution
		HideSolutionNode = FALSE
	EndGlobalSection
	GlobalSection(ProjectConfigurationPlatforms) = postSolution
		{7E0EADC0-893D-4DDA-B4E7-0B0420D675E0}.Debug|Any CPU.ActiveCfg = Debug|Any CPU
		{7E0EADC0-893D-4DDA-B4E7-0B0420D675E0}.Debug|Any CPU.Build.0 = Debug|Any CPU
		{7E0EADC0-893D-4DDA-B4E7-0B0420D675E0}.Debug|x64.ActiveCfg = Debug|Any CPU
		{7E0EADC0-893D-4DDA-B4E7-0B0420D675E0}.Debug|x64.Build.0 = Debug|Any CPU
		{7E0EADC0-893D-4DDA-B4E7-0B0420D675E0}.Debug|x86.ActiveCfg = Debug|Any CPU
		{7E0EADC0-893D-4DDA-B4E7-0B0420D675E0}.Debug|x86.Build.0 = Debug|Any CPU
		{7E0EADC0-893D-4DDA-B4E7-0B0420D675E0}.Release|Any CPU.ActiveCfg = Release|Any CPU
		{7E0EADC0-893D-4DDA-B4E7-0B0420D675E0}.Release|Any CPU.Build.0 = Release|Any CPU
		{7E0EADC0-893D-4DDA-B4E7-0B0420D675E0}.Release|x64.ActiveCfg = Release|Any CPU
		{7E0EADC0-893D-4DDA-B4E7-0B0420D675E0}.Release|x64.Build.0 = Release|Any CPU
		{7E0EADC0-893D-4DDA-B4E7-0B0420D675E0}.Release|x86.ActiveCfg = Release|Any CPU
		{7E0EADC0-893D-4DDA-B4E7-0B0420D675E0}.Release|x86.Build.0 = Release|Any CPU
		{F067F9FC-8B7C-4F42-B29B-7AFF98ECCFE8}.Debug|Any CPU.ActiveCfg = Debug|Any CPU
		{F067F9FC-8B7C-4F42-B29B-7AFF98ECCFE8}.Debug|Any CPU.Build.0 = Debug|Any CPU
		{F067F9FC-8B7C-4F42-B29B-7AFF98ECCFE8}.Debug|x64.ActiveCfg = Debug|Any CPU
		{F067F9FC-8B7C-4F42-B29B-7AFF98ECCFE8}.Debug|x64.Build.0 = Debug|Any CPU
		{F067F9FC-8B7C-4F42-B29B-7AFF98ECCFE8}.Debug|x86.ActiveCfg = Debug|Any CPU
		{F067F9FC-8B7C-4F42-B29B-7AFF98ECCFE8}.Debug|x86.Build.0 = Debug|Any CPU
		{F067F9FC-8B7C-4F42-B29B-7AFF98ECCFE8}.Release|Any CPU.ActiveCfg = Release|Any CPU
		{F067F9FC-8B7C-4F42-B29B-7AFF98ECCFE8}.Release|Any CPU.Build.0 = Release|Any CPU
		{F067F9FC-8B7C-4F42-B29B-7AFF98ECCFE8}.Release|x64.ActiveCfg = Release|Any CPU
		{F067F9FC-8B7C-4F42-B29B-7AFF98ECCFE8}.Release|x64.Build.0 = Release|Any CPU
		{F067F9FC-8B7C-4F42-B29B-7AFF98ECCFE8}.Release|x86.ActiveCfg = Release|Any CPU
		{F067F9FC-8B7C-4F42-B29B-7AFF98ECCFE8}.Release|x86.Build.0 = Release|Any CPU
		{FB64A733-2654-42CB-8291-0CA83DF0880E}.Debug|Any CPU.ActiveCfg = Debug|Any CPU
		{FB64A733-2654-42CB-8291-0CA83DF0880E}.Debug|Any CPU.Build.0 = Debug|Any CPU
		{FB64A733-2654-42CB-8291-0CA83DF0880E}.Debug|x64.ActiveCfg = Debug|Any CPU
		{FB64A733-2654-42CB-8291-0CA83DF0880E}.Debug|x64.Build.0 = Debug|Any CPU
		{FB64A733-2654-42CB-8291-0CA83DF0880E}.Debug|x86.ActiveCfg = Debug|Any CPU
		{FB64A733-2654-42CB-8291-0CA83DF0880E}.Debug|x86.Build.0 = Debug|Any CPU
		{FB64A733-2654-42CB-8291-0CA83DF0880E}.Release|Any CPU.ActiveCfg = Release|Any CPU
		{FB64A733-2654-42CB-8291-0CA83DF0880E}.Release|Any CPU.Build.0 = Release|Any CPU
		{FB64A733-2654-42CB-8291-0CA83DF0880E}.Release|x64.ActiveCfg = Release|Any CPU
		{FB64A733-2654-42CB-8291-0CA83DF0880E}.Release|x64.Build.0 = Release|Any CPU
		{FB64A733-2654-42CB-8291-0CA83DF0880E}.Release|x86.ActiveCfg = Release|Any CPU
		{FB64A733-2654-42CB-8291-0CA83DF0880E}.Release|x86.Build.0 = Release|Any CPU
		{1745E0B0-5D1A-40B8-A9DB-9811188A8B16}.Debug|Any CPU.ActiveCfg = Debug|Any CPU
		{1745E0B0-5D1A-40B8-A9DB-9811188A8B16}.Debug|Any CPU.Build.0 = Debug|Any CPU
		{1745E0B0-5D1A-40B8-A9DB-9811188A8B16}.Debug|x64.ActiveCfg = Debug|Any CPU
		{1745E0B0-5D1A-40B8-A9DB-9811188A8B16}.Debug|x64.Build.0 = Debug|Any CPU
		{1745E0B0-5D1A-40B8-A9DB-9811188A8B16}.Debug|x86.ActiveCfg = Debug|Any CPU
		{1745E0B0-5D1A-40B8-A9DB-9811188A8B16}.Debug|x86.Build.0 = Debug|Any CPU
		{1745E0B0-5D1A-40B8-A9DB-9811188A8B16}.Release|Any CPU.ActiveCfg = Release|Any CPU
		{1745E0B0-5D1A-40B8-A9DB-9811188A8B16}.Release|Any CPU.Build.0 = Release|Any CPU
		{1745E0B0-5D1A-40B8-A9DB-9811188A8B16}.Release|x64.ActiveCfg = Release|Any CPU
		{1745E0B0-5D1A-40B8-A9DB-9811188A8B16}.Release|x64.Build.0 = Release|Any CPU
		{1745E0B0-5D1A-40B8-A9DB-9811188A8B16}.Release|x86.ActiveCfg = Release|Any CPU
		{1745E0B0-5D1A-40B8-A9DB-9811188A8B16}.Release|x86.Build.0 = Release|Any CPU
		{5D03B2CC-7CA8-4CE6-BD19-86EAD809FF97}.Debug|Any CPU.ActiveCfg = Debug|Any CPU
		{5D03B2CC-7CA8-4CE6-BD19-86EAD809FF97}.Debug|Any CPU.Build.0 = Debug|Any CPU
		{5D03B2CC-7CA8-4CE6-BD19-86EAD809FF97}.Debug|x64.ActiveCfg = Debug|Any CPU
		{5D03B2CC-7CA8-4CE6-BD19-86EAD809FF97}.Debug|x64.Build.0 = Debug|Any CPU
		{5D03B2CC-7CA8-4CE6-BD19-86EAD809FF97}.Debug|x86.ActiveCfg = Debug|Any CPU
		{5D03B2CC-7CA8-4CE6-BD19-86EAD809FF97}.Debug|x86.Build.0 = Debug|Any CPU
		{5D03B2CC-7CA8-4CE6-BD19-86EAD809FF97}.Release|Any CPU.ActiveCfg = Release|Any CPU
		{5D03B2CC-7CA8-4CE6-BD19-86EAD809FF97}.Release|Any CPU.Build.0 = Release|Any CPU
		{5D03B2CC-7CA8-4CE6-BD19-86EAD809FF97}.Release|x64.ActiveCfg = Release|Any CPU
		{5D03B2CC-7CA8-4CE6-BD19-86EAD809FF97}.Release|x64.Build.0 = Release|Any CPU
		{5D03B2CC-7CA8-4CE6-BD19-86EAD809FF97}.Release|x86.ActiveCfg = Release|Any CPU
		{5D03B2CC-7CA8-4CE6-BD19-86EAD809FF97}.Release|x86.Build.0 = Release|Any CPU
		{8ABC2683-658E-48C9-9E32-06A08A87A9B7}.Debug|Any CPU.ActiveCfg = Debug|Any CPU
		{8ABC2683-658E-48C9-9E32-06A08A87A9B7}.Debug|Any CPU.Build.0 = Debug|Any CPU
		{8ABC2683-658E-48C9-9E32-06A08A87A9B7}.Debug|x64.ActiveCfg = Debug|Any CPU
		{8ABC2683-658E-48C9-9E32-06A08A87A9B7}.Debug|x64.Build.0 = Debug|Any CPU
		{8ABC2683-658E-48C9-9E32-06A08A87A9B7}.Debug|x86.ActiveCfg = Debug|Any CPU
		{8ABC2683-658E-48C9-9E32-06A08A87A9B7}.Debug|x86.Build.0 = Debug|Any CPU
		{8ABC2683-658E-48C9-9E32-06A08A87A9B7}.Release|Any CPU.ActiveCfg = Release|Any CPU
		{8ABC2683-658E-48C9-9E32-06A08A87A9B7}.Release|Any CPU.Build.0 = Release|Any CPU
		{8ABC2683-658E-48C9-9E32-06A08A87A9B7}.Release|x64.ActiveCfg = Release|Any CPU
		{8ABC2683-658E-48C9-9E32-06A08A87A9B7}.Release|x64.Build.0 = Release|Any CPU
		{8ABC2683-658E-48C9-9E32-06A08A87A9B7}.Release|x86.ActiveCfg = Release|Any CPU
		{8ABC2683-658E-48C9-9E32-06A08A87A9B7}.Release|x86.Build.0 = Release|Any CPU
		{89834E39-1DFA-4331-AFAD-670755FC3264}.Debug|Any CPU.ActiveCfg = Debug|Any CPU
		{89834E39-1DFA-4331-AFAD-670755FC3264}.Debug|Any CPU.Build.0 = Debug|Any CPU
		{89834E39-1DFA-4331-AFAD-670755FC3264}.Debug|x64.ActiveCfg = Debug|Any CPU
		{89834E39-1DFA-4331-AFAD-670755FC3264}.Debug|x64.Build.0 = Debug|Any CPU
		{89834E39-1DFA-4331-AFAD-670755FC3264}.Debug|x86.ActiveCfg = Debug|Any CPU
		{89834E39-1DFA-4331-AFAD-670755FC3264}.Debug|x86.Build.0 = Debug|Any CPU
		{89834E39-1DFA-4331-AFAD-670755FC3264}.Release|Any CPU.ActiveCfg = Release|Any CPU
		{89834E39-1DFA-4331-AFAD-670755FC3264}.Release|Any CPU.Build.0 = Release|Any CPU
		{89834E39-1DFA-4331-AFAD-670755FC3264}.Release|x64.ActiveCfg = Release|Any CPU
		{89834E39-1DFA-4331-AFAD-670755FC3264}.Release|x64.Build.0 = Release|Any CPU
		{89834E39-1DFA-4331-AFAD-670755FC3264}.Release|x86.ActiveCfg = Release|Any CPU
		{89834E39-1DFA-4331-AFAD-670755FC3264}.Release|x86.Build.0 = Release|Any CPU
		{4D9CDD48-E2FC-48BD-AD51-9ACF36F54D6A}.Debug|Any CPU.ActiveCfg = Debug|Any CPU
		{4D9CDD48-E2FC-48BD-AD51-9ACF36F54D6A}.Debug|Any CPU.Build.0 = Debug|Any CPU
		{4D9CDD48-E2FC-48BD-AD51-9ACF36F54D6A}.Debug|x64.ActiveCfg = Debug|Any CPU
		{4D9CDD48-E2FC-48BD-AD51-9ACF36F54D6A}.Debug|x64.Build.0 = Debug|Any CPU
		{4D9CDD48-E2FC-48BD-AD51-9ACF36F54D6A}.Debug|x86.ActiveCfg = Debug|Any CPU
		{4D9CDD48-E2FC-48BD-AD51-9ACF36F54D6A}.Debug|x86.Build.0 = Debug|Any CPU
		{4D9CDD48-E2FC-48BD-AD51-9ACF36F54D6A}.Release|Any CPU.ActiveCfg = Release|Any CPU
		{4D9CDD48-E2FC-48BD-AD51-9ACF36F54D6A}.Release|Any CPU.Build.0 = Release|Any CPU
		{4D9CDD48-E2FC-48BD-AD51-9ACF36F54D6A}.Release|x64.ActiveCfg = Release|Any CPU
		{4D9CDD48-E2FC-48BD-AD51-9ACF36F54D6A}.Release|x64.Build.0 = Release|Any CPU
		{4D9CDD48-E2FC-48BD-AD51-9ACF36F54D6A}.Release|x86.ActiveCfg = Release|Any CPU
		{4D9CDD48-E2FC-48BD-AD51-9ACF36F54D6A}.Release|x86.Build.0 = Release|Any CPU
		{0C314850-8AB4-4768-B473-D4BC57A1A7B3}.Debug|Any CPU.ActiveCfg = Debug|Any CPU
		{0C314850-8AB4-4768-B473-D4BC57A1A7B3}.Debug|Any CPU.Build.0 = Debug|Any CPU
		{0C314850-8AB4-4768-B473-D4BC57A1A7B3}.Debug|x64.ActiveCfg = Debug|Any CPU
		{0C314850-8AB4-4768-B473-D4BC57A1A7B3}.Debug|x64.Build.0 = Debug|Any CPU
		{0C314850-8AB4-4768-B473-D4BC57A1A7B3}.Debug|x86.ActiveCfg = Debug|Any CPU
		{0C314850-8AB4-4768-B473-D4BC57A1A7B3}.Debug|x86.Build.0 = Debug|Any CPU
		{0C314850-8AB4-4768-B473-D4BC57A1A7B3}.Release|Any CPU.ActiveCfg = Release|Any CPU
		{0C314850-8AB4-4768-B473-D4BC57A1A7B3}.Release|Any CPU.Build.0 = Release|Any CPU
		{0C314850-8AB4-4768-B473-D4BC57A1A7B3}.Release|x64.ActiveCfg = Release|Any CPU
		{0C314850-8AB4-4768-B473-D4BC57A1A7B3}.Release|x64.Build.0 = Release|Any CPU
		{0C314850-8AB4-4768-B473-D4BC57A1A7B3}.Release|x86.ActiveCfg = Release|Any CPU
		{0C314850-8AB4-4768-B473-D4BC57A1A7B3}.Release|x86.Build.0 = Release|Any CPU
		{2FA72904-285C-42DC-A76C-BF3898549082}.Debug|Any CPU.ActiveCfg = Debug|Any CPU
		{2FA72904-285C-42DC-A76C-BF3898549082}.Debug|Any CPU.Build.0 = Debug|Any CPU
		{2FA72904-285C-42DC-A76C-BF3898549082}.Debug|x64.ActiveCfg = Debug|Any CPU
		{2FA72904-285C-42DC-A76C-BF3898549082}.Debug|x64.Build.0 = Debug|Any CPU
		{2FA72904-285C-42DC-A76C-BF3898549082}.Debug|x86.ActiveCfg = Debug|Any CPU
		{2FA72904-285C-42DC-A76C-BF3898549082}.Debug|x86.Build.0 = Debug|Any CPU
		{2FA72904-285C-42DC-A76C-BF3898549082}.Release|Any CPU.ActiveCfg = Release|Any CPU
		{2FA72904-285C-42DC-A76C-BF3898549082}.Release|Any CPU.Build.0 = Release|Any CPU
		{2FA72904-285C-42DC-A76C-BF3898549082}.Release|x64.ActiveCfg = Release|Any CPU
		{2FA72904-285C-42DC-A76C-BF3898549082}.Release|x64.Build.0 = Release|Any CPU
		{2FA72904-285C-42DC-A76C-BF3898549082}.Release|x86.ActiveCfg = Release|Any CPU
		{2FA72904-285C-42DC-A76C-BF3898549082}.Release|x86.Build.0 = Release|Any CPU
		{FCD990F9-9E90-4EE1-8CF4-135579EDF1B7}.Debug|Any CPU.ActiveCfg = Debug|Any CPU
		{FCD990F9-9E90-4EE1-8CF4-135579EDF1B7}.Debug|Any CPU.Build.0 = Debug|Any CPU
		{FCD990F9-9E90-4EE1-8CF4-135579EDF1B7}.Debug|x64.ActiveCfg = Debug|Any CPU
		{FCD990F9-9E90-4EE1-8CF4-135579EDF1B7}.Debug|x64.Build.0 = Debug|Any CPU
		{FCD990F9-9E90-4EE1-8CF4-135579EDF1B7}.Debug|x86.ActiveCfg = Debug|Any CPU
		{FCD990F9-9E90-4EE1-8CF4-135579EDF1B7}.Debug|x86.Build.0 = Debug|Any CPU
		{FCD990F9-9E90-4EE1-8CF4-135579EDF1B7}.Release|Any CPU.ActiveCfg = Release|Any CPU
		{FCD990F9-9E90-4EE1-8CF4-135579EDF1B7}.Release|Any CPU.Build.0 = Release|Any CPU
		{FCD990F9-9E90-4EE1-8CF4-135579EDF1B7}.Release|x64.ActiveCfg = Release|Any CPU
		{FCD990F9-9E90-4EE1-8CF4-135579EDF1B7}.Release|x64.Build.0 = Release|Any CPU
		{FCD990F9-9E90-4EE1-8CF4-135579EDF1B7}.Release|x86.ActiveCfg = Release|Any CPU
		{FCD990F9-9E90-4EE1-8CF4-135579EDF1B7}.Release|x86.Build.0 = Release|Any CPU
		{86C95479-F05E-475D-9151-A7B76E6984BA}.Debug|Any CPU.ActiveCfg = Debug|Any CPU
		{86C95479-F05E-475D-9151-A7B76E6984BA}.Debug|Any CPU.Build.0 = Debug|Any CPU
		{86C95479-F05E-475D-9151-A7B76E6984BA}.Debug|x64.ActiveCfg = Debug|Any CPU
		{86C95479-F05E-475D-9151-A7B76E6984BA}.Debug|x64.Build.0 = Debug|Any CPU
		{86C95479-F05E-475D-9151-A7B76E6984BA}.Debug|x86.ActiveCfg = Debug|Any CPU
		{86C95479-F05E-475D-9151-A7B76E6984BA}.Debug|x86.Build.0 = Debug|Any CPU
		{86C95479-F05E-475D-9151-A7B76E6984BA}.Release|Any CPU.ActiveCfg = Release|Any CPU
		{86C95479-F05E-475D-9151-A7B76E6984BA}.Release|Any CPU.Build.0 = Release|Any CPU
		{86C95479-F05E-475D-9151-A7B76E6984BA}.Release|x64.ActiveCfg = Release|Any CPU
		{86C95479-F05E-475D-9151-A7B76E6984BA}.Release|x64.Build.0 = Release|Any CPU
		{86C95479-F05E-475D-9151-A7B76E6984BA}.Release|x86.ActiveCfg = Release|Any CPU
		{86C95479-F05E-475D-9151-A7B76E6984BA}.Release|x86.Build.0 = Release|Any CPU
		{750324CD-7AAE-4FB4-BD62-D4E394C3F6D6}.Debug|Any CPU.ActiveCfg = Debug|Any CPU
		{750324CD-7AAE-4FB4-BD62-D4E394C3F6D6}.Debug|Any CPU.Build.0 = Debug|Any CPU
		{750324CD-7AAE-4FB4-BD62-D4E394C3F6D6}.Debug|x64.ActiveCfg = Debug|Any CPU
		{750324CD-7AAE-4FB4-BD62-D4E394C3F6D6}.Debug|x64.Build.0 = Debug|Any CPU
		{750324CD-7AAE-4FB4-BD62-D4E394C3F6D6}.Debug|x86.ActiveCfg = Debug|Any CPU
		{750324CD-7AAE-4FB4-BD62-D4E394C3F6D6}.Debug|x86.Build.0 = Debug|Any CPU
		{750324CD-7AAE-4FB4-BD62-D4E394C3F6D6}.Release|Any CPU.ActiveCfg = Release|Any CPU
		{750324CD-7AAE-4FB4-BD62-D4E394C3F6D6}.Release|Any CPU.Build.0 = Release|Any CPU
		{750324CD-7AAE-4FB4-BD62-D4E394C3F6D6}.Release|x64.ActiveCfg = Release|Any CPU
		{750324CD-7AAE-4FB4-BD62-D4E394C3F6D6}.Release|x64.Build.0 = Release|Any CPU
		{750324CD-7AAE-4FB4-BD62-D4E394C3F6D6}.Release|x86.ActiveCfg = Release|Any CPU
		{750324CD-7AAE-4FB4-BD62-D4E394C3F6D6}.Release|x86.Build.0 = Release|Any CPU
		{E95C18D9-2F49-4770-94B4-991D36AF102B}.Debug|Any CPU.ActiveCfg = Debug|Any CPU
		{E95C18D9-2F49-4770-94B4-991D36AF102B}.Debug|Any CPU.Build.0 = Debug|Any CPU
		{E95C18D9-2F49-4770-94B4-991D36AF102B}.Debug|x64.ActiveCfg = Debug|Any CPU
		{E95C18D9-2F49-4770-94B4-991D36AF102B}.Debug|x64.Build.0 = Debug|Any CPU
		{E95C18D9-2F49-4770-94B4-991D36AF102B}.Debug|x86.ActiveCfg = Debug|Any CPU
		{E95C18D9-2F49-4770-94B4-991D36AF102B}.Debug|x86.Build.0 = Debug|Any CPU
		{E95C18D9-2F49-4770-94B4-991D36AF102B}.Release|Any CPU.ActiveCfg = Release|Any CPU
		{E95C18D9-2F49-4770-94B4-991D36AF102B}.Release|Any CPU.Build.0 = Release|Any CPU
		{E95C18D9-2F49-4770-94B4-991D36AF102B}.Release|x64.ActiveCfg = Release|Any CPU
		{E95C18D9-2F49-4770-94B4-991D36AF102B}.Release|x64.Build.0 = Release|Any CPU
		{E95C18D9-2F49-4770-94B4-991D36AF102B}.Release|x86.ActiveCfg = Release|Any CPU
		{E95C18D9-2F49-4770-94B4-991D36AF102B}.Release|x86.Build.0 = Release|Any CPU
		{B0EBF44B-00BB-4F12-B95F-A345BB5686BA}.Debug|Any CPU.ActiveCfg = Debug|Any CPU
		{B0EBF44B-00BB-4F12-B95F-A345BB5686BA}.Debug|Any CPU.Build.0 = Debug|Any CPU
		{B0EBF44B-00BB-4F12-B95F-A345BB5686BA}.Debug|x64.ActiveCfg = Debug|Any CPU
		{B0EBF44B-00BB-4F12-B95F-A345BB5686BA}.Debug|x64.Build.0 = Debug|Any CPU
		{B0EBF44B-00BB-4F12-B95F-A345BB5686BA}.Debug|x86.ActiveCfg = Debug|Any CPU
		{B0EBF44B-00BB-4F12-B95F-A345BB5686BA}.Debug|x86.Build.0 = Debug|Any CPU
		{B0EBF44B-00BB-4F12-B95F-A345BB5686BA}.Release|Any CPU.ActiveCfg = Release|Any CPU
		{B0EBF44B-00BB-4F12-B95F-A345BB5686BA}.Release|Any CPU.Build.0 = Release|Any CPU
		{B0EBF44B-00BB-4F12-B95F-A345BB5686BA}.Release|x64.ActiveCfg = Release|Any CPU
		{B0EBF44B-00BB-4F12-B95F-A345BB5686BA}.Release|x64.Build.0 = Release|Any CPU
		{B0EBF44B-00BB-4F12-B95F-A345BB5686BA}.Release|x86.ActiveCfg = Release|Any CPU
		{B0EBF44B-00BB-4F12-B95F-A345BB5686BA}.Release|x86.Build.0 = Release|Any CPU
		{27BAC67A-F580-4365-A21F-A946B7A1098A}.Debug|Any CPU.ActiveCfg = Debug|Any CPU
		{27BAC67A-F580-4365-A21F-A946B7A1098A}.Debug|Any CPU.Build.0 = Debug|Any CPU
		{27BAC67A-F580-4365-A21F-A946B7A1098A}.Debug|x64.ActiveCfg = Debug|Any CPU
		{27BAC67A-F580-4365-A21F-A946B7A1098A}.Debug|x64.Build.0 = Debug|Any CPU
		{27BAC67A-F580-4365-A21F-A946B7A1098A}.Debug|x86.ActiveCfg = Debug|Any CPU
		{27BAC67A-F580-4365-A21F-A946B7A1098A}.Debug|x86.Build.0 = Debug|Any CPU
		{27BAC67A-F580-4365-A21F-A946B7A1098A}.Release|Any CPU.ActiveCfg = Release|Any CPU
		{27BAC67A-F580-4365-A21F-A946B7A1098A}.Release|Any CPU.Build.0 = Release|Any CPU
		{27BAC67A-F580-4365-A21F-A946B7A1098A}.Release|x64.ActiveCfg = Release|Any CPU
		{27BAC67A-F580-4365-A21F-A946B7A1098A}.Release|x64.Build.0 = Release|Any CPU
		{27BAC67A-F580-4365-A21F-A946B7A1098A}.Release|x86.ActiveCfg = Release|Any CPU
		{27BAC67A-F580-4365-A21F-A946B7A1098A}.Release|x86.Build.0 = Release|Any CPU
		{1074AD1F-B2CE-4784-83A0-C2566B9CDD07}.Debug|Any CPU.ActiveCfg = Debug|Any CPU
		{1074AD1F-B2CE-4784-83A0-C2566B9CDD07}.Debug|Any CPU.Build.0 = Debug|Any CPU
		{1074AD1F-B2CE-4784-83A0-C2566B9CDD07}.Debug|x64.ActiveCfg = Debug|Any CPU
		{1074AD1F-B2CE-4784-83A0-C2566B9CDD07}.Debug|x64.Build.0 = Debug|Any CPU
		{1074AD1F-B2CE-4784-83A0-C2566B9CDD07}.Debug|x86.ActiveCfg = Debug|Any CPU
		{1074AD1F-B2CE-4784-83A0-C2566B9CDD07}.Debug|x86.Build.0 = Debug|Any CPU
		{1074AD1F-B2CE-4784-83A0-C2566B9CDD07}.Release|Any CPU.ActiveCfg = Release|Any CPU
		{1074AD1F-B2CE-4784-83A0-C2566B9CDD07}.Release|Any CPU.Build.0 = Release|Any CPU
		{1074AD1F-B2CE-4784-83A0-C2566B9CDD07}.Release|x64.ActiveCfg = Release|Any CPU
		{1074AD1F-B2CE-4784-83A0-C2566B9CDD07}.Release|x64.Build.0 = Release|Any CPU
		{1074AD1F-B2CE-4784-83A0-C2566B9CDD07}.Release|x86.ActiveCfg = Release|Any CPU
		{1074AD1F-B2CE-4784-83A0-C2566B9CDD07}.Release|x86.Build.0 = Release|Any CPU
		{7789C722-67FD-4F0D-9FD0-50A6B16F8BCF}.Debug|Any CPU.ActiveCfg = Debug|Any CPU
		{7789C722-67FD-4F0D-9FD0-50A6B16F8BCF}.Debug|Any CPU.Build.0 = Debug|Any CPU
		{7789C722-67FD-4F0D-9FD0-50A6B16F8BCF}.Debug|x64.ActiveCfg = Debug|Any CPU
		{7789C722-67FD-4F0D-9FD0-50A6B16F8BCF}.Debug|x64.Build.0 = Debug|Any CPU
		{7789C722-67FD-4F0D-9FD0-50A6B16F8BCF}.Debug|x86.ActiveCfg = Debug|Any CPU
		{7789C722-67FD-4F0D-9FD0-50A6B16F8BCF}.Debug|x86.Build.0 = Debug|Any CPU
		{7789C722-67FD-4F0D-9FD0-50A6B16F8BCF}.Release|Any CPU.ActiveCfg = Release|Any CPU
		{7789C722-67FD-4F0D-9FD0-50A6B16F8BCF}.Release|Any CPU.Build.0 = Release|Any CPU
		{7789C722-67FD-4F0D-9FD0-50A6B16F8BCF}.Release|x64.ActiveCfg = Release|Any CPU
		{7789C722-67FD-4F0D-9FD0-50A6B16F8BCF}.Release|x64.Build.0 = Release|Any CPU
		{7789C722-67FD-4F0D-9FD0-50A6B16F8BCF}.Release|x86.ActiveCfg = Release|Any CPU
		{7789C722-67FD-4F0D-9FD0-50A6B16F8BCF}.Release|x86.Build.0 = Release|Any CPU
		{D79726A4-737B-4B3B-8BE8-7A60660EF726}.Debug|Any CPU.ActiveCfg = Debug|Any CPU
		{D79726A4-737B-4B3B-8BE8-7A60660EF726}.Debug|Any CPU.Build.0 = Debug|Any CPU
		{D79726A4-737B-4B3B-8BE8-7A60660EF726}.Debug|x64.ActiveCfg = Debug|Any CPU
		{D79726A4-737B-4B3B-8BE8-7A60660EF726}.Debug|x64.Build.0 = Debug|Any CPU
		{D79726A4-737B-4B3B-8BE8-7A60660EF726}.Debug|x86.ActiveCfg = Debug|Any CPU
		{D79726A4-737B-4B3B-8BE8-7A60660EF726}.Debug|x86.Build.0 = Debug|Any CPU
		{D79726A4-737B-4B3B-8BE8-7A60660EF726}.Release|Any CPU.ActiveCfg = Release|Any CPU
		{D79726A4-737B-4B3B-8BE8-7A60660EF726}.Release|Any CPU.Build.0 = Release|Any CPU
		{D79726A4-737B-4B3B-8BE8-7A60660EF726}.Release|x64.ActiveCfg = Release|Any CPU
		{D79726A4-737B-4B3B-8BE8-7A60660EF726}.Release|x64.Build.0 = Release|Any CPU
		{D79726A4-737B-4B3B-8BE8-7A60660EF726}.Release|x86.ActiveCfg = Release|Any CPU
		{D79726A4-737B-4B3B-8BE8-7A60660EF726}.Release|x86.Build.0 = Release|Any CPU
		{C067457E-3CA2-4D3B-BC3F-6348F35196D3}.Debug|Any CPU.ActiveCfg = Debug|Any CPU
		{C067457E-3CA2-4D3B-BC3F-6348F35196D3}.Debug|Any CPU.Build.0 = Debug|Any CPU
		{C067457E-3CA2-4D3B-BC3F-6348F35196D3}.Debug|x64.ActiveCfg = Debug|Any CPU
		{C067457E-3CA2-4D3B-BC3F-6348F35196D3}.Debug|x64.Build.0 = Debug|Any CPU
		{C067457E-3CA2-4D3B-BC3F-6348F35196D3}.Debug|x86.ActiveCfg = Debug|Any CPU
		{C067457E-3CA2-4D3B-BC3F-6348F35196D3}.Debug|x86.Build.0 = Debug|Any CPU
		{C067457E-3CA2-4D3B-BC3F-6348F35196D3}.Release|Any CPU.ActiveCfg = Release|Any CPU
		{C067457E-3CA2-4D3B-BC3F-6348F35196D3}.Release|Any CPU.Build.0 = Release|Any CPU
		{C067457E-3CA2-4D3B-BC3F-6348F35196D3}.Release|x64.ActiveCfg = Release|Any CPU
		{C067457E-3CA2-4D3B-BC3F-6348F35196D3}.Release|x64.Build.0 = Release|Any CPU
		{C067457E-3CA2-4D3B-BC3F-6348F35196D3}.Release|x86.ActiveCfg = Release|Any CPU
		{C067457E-3CA2-4D3B-BC3F-6348F35196D3}.Release|x86.Build.0 = Release|Any CPU
		{D77ABDFD-AF76-4B50-8E9A-87AF08364621}.Debug|Any CPU.ActiveCfg = Debug|Any CPU
		{D77ABDFD-AF76-4B50-8E9A-87AF08364621}.Debug|Any CPU.Build.0 = Debug|Any CPU
		{D77ABDFD-AF76-4B50-8E9A-87AF08364621}.Debug|x64.ActiveCfg = Debug|Any CPU
		{D77ABDFD-AF76-4B50-8E9A-87AF08364621}.Debug|x64.Build.0 = Debug|Any CPU
		{D77ABDFD-AF76-4B50-8E9A-87AF08364621}.Debug|x86.ActiveCfg = Debug|Any CPU
		{D77ABDFD-AF76-4B50-8E9A-87AF08364621}.Debug|x86.Build.0 = Debug|Any CPU
		{D77ABDFD-AF76-4B50-8E9A-87AF08364621}.Release|Any CPU.ActiveCfg = Release|Any CPU
		{D77ABDFD-AF76-4B50-8E9A-87AF08364621}.Release|Any CPU.Build.0 = Release|Any CPU
		{D77ABDFD-AF76-4B50-8E9A-87AF08364621}.Release|x64.ActiveCfg = Release|Any CPU
		{D77ABDFD-AF76-4B50-8E9A-87AF08364621}.Release|x64.Build.0 = Release|Any CPU
		{D77ABDFD-AF76-4B50-8E9A-87AF08364621}.Release|x86.ActiveCfg = Release|Any CPU
		{D77ABDFD-AF76-4B50-8E9A-87AF08364621}.Release|x86.Build.0 = Release|Any CPU
		{3FA4767B-3568-406F-9EFA-B60362CFB7EF}.Debug|Any CPU.ActiveCfg = Debug|Any CPU
		{3FA4767B-3568-406F-9EFA-B60362CFB7EF}.Debug|Any CPU.Build.0 = Debug|Any CPU
		{3FA4767B-3568-406F-9EFA-B60362CFB7EF}.Debug|x64.ActiveCfg = Debug|Any CPU
		{3FA4767B-3568-406F-9EFA-B60362CFB7EF}.Debug|x64.Build.0 = Debug|Any CPU
		{3FA4767B-3568-406F-9EFA-B60362CFB7EF}.Debug|x86.ActiveCfg = Debug|Any CPU
		{3FA4767B-3568-406F-9EFA-B60362CFB7EF}.Debug|x86.Build.0 = Debug|Any CPU
		{3FA4767B-3568-406F-9EFA-B60362CFB7EF}.Release|Any CPU.ActiveCfg = Release|Any CPU
		{3FA4767B-3568-406F-9EFA-B60362CFB7EF}.Release|Any CPU.Build.0 = Release|Any CPU
		{3FA4767B-3568-406F-9EFA-B60362CFB7EF}.Release|x64.ActiveCfg = Release|Any CPU
		{3FA4767B-3568-406F-9EFA-B60362CFB7EF}.Release|x64.Build.0 = Release|Any CPU
		{3FA4767B-3568-406F-9EFA-B60362CFB7EF}.Release|x86.ActiveCfg = Release|Any CPU
		{3FA4767B-3568-406F-9EFA-B60362CFB7EF}.Release|x86.Build.0 = Release|Any CPU
		{3974648C-FEA4-47FA-9F25-367C5B482BCC}.Debug|Any CPU.ActiveCfg = Debug|Any CPU
		{3974648C-FEA4-47FA-9F25-367C5B482BCC}.Debug|Any CPU.Build.0 = Debug|Any CPU
		{3974648C-FEA4-47FA-9F25-367C5B482BCC}.Debug|x64.ActiveCfg = Debug|Any CPU
		{3974648C-FEA4-47FA-9F25-367C5B482BCC}.Debug|x64.Build.0 = Debug|Any CPU
		{3974648C-FEA4-47FA-9F25-367C5B482BCC}.Debug|x86.ActiveCfg = Debug|Any CPU
		{3974648C-FEA4-47FA-9F25-367C5B482BCC}.Debug|x86.Build.0 = Debug|Any CPU
		{3974648C-FEA4-47FA-9F25-367C5B482BCC}.Release|Any CPU.ActiveCfg = Release|Any CPU
		{3974648C-FEA4-47FA-9F25-367C5B482BCC}.Release|Any CPU.Build.0 = Release|Any CPU
		{3974648C-FEA4-47FA-9F25-367C5B482BCC}.Release|x64.ActiveCfg = Release|Any CPU
		{3974648C-FEA4-47FA-9F25-367C5B482BCC}.Release|x64.Build.0 = Release|Any CPU
		{3974648C-FEA4-47FA-9F25-367C5B482BCC}.Release|x86.ActiveCfg = Release|Any CPU
		{3974648C-FEA4-47FA-9F25-367C5B482BCC}.Release|x86.Build.0 = Release|Any CPU
		{96840284-2DD2-4663-848A-8DC1A3124039}.Debug|Any CPU.ActiveCfg = Debug|Any CPU
		{96840284-2DD2-4663-848A-8DC1A3124039}.Debug|Any CPU.Build.0 = Debug|Any CPU
		{96840284-2DD2-4663-848A-8DC1A3124039}.Debug|x64.ActiveCfg = Debug|Any CPU
		{96840284-2DD2-4663-848A-8DC1A3124039}.Debug|x64.Build.0 = Debug|Any CPU
		{96840284-2DD2-4663-848A-8DC1A3124039}.Debug|x86.ActiveCfg = Debug|Any CPU
		{96840284-2DD2-4663-848A-8DC1A3124039}.Debug|x86.Build.0 = Debug|Any CPU
		{96840284-2DD2-4663-848A-8DC1A3124039}.Release|Any CPU.ActiveCfg = Release|Any CPU
		{96840284-2DD2-4663-848A-8DC1A3124039}.Release|Any CPU.Build.0 = Release|Any CPU
		{96840284-2DD2-4663-848A-8DC1A3124039}.Release|x64.ActiveCfg = Release|Any CPU
		{96840284-2DD2-4663-848A-8DC1A3124039}.Release|x64.Build.0 = Release|Any CPU
		{96840284-2DD2-4663-848A-8DC1A3124039}.Release|x86.ActiveCfg = Release|Any CPU
		{96840284-2DD2-4663-848A-8DC1A3124039}.Release|x86.Build.0 = Release|Any CPU
		{B4E1C3C2-D507-4AEC-8071-977BFD6B66DC}.Debug|Any CPU.ActiveCfg = Debug|Any CPU
		{B4E1C3C2-D507-4AEC-8071-977BFD6B66DC}.Debug|Any CPU.Build.0 = Debug|Any CPU
		{B4E1C3C2-D507-4AEC-8071-977BFD6B66DC}.Debug|x64.ActiveCfg = Debug|Any CPU
		{B4E1C3C2-D507-4AEC-8071-977BFD6B66DC}.Debug|x64.Build.0 = Debug|Any CPU
		{B4E1C3C2-D507-4AEC-8071-977BFD6B66DC}.Debug|x86.ActiveCfg = Debug|Any CPU
		{B4E1C3C2-D507-4AEC-8071-977BFD6B66DC}.Debug|x86.Build.0 = Debug|Any CPU
		{B4E1C3C2-D507-4AEC-8071-977BFD6B66DC}.Release|Any CPU.ActiveCfg = Release|Any CPU
		{B4E1C3C2-D507-4AEC-8071-977BFD6B66DC}.Release|Any CPU.Build.0 = Release|Any CPU
		{B4E1C3C2-D507-4AEC-8071-977BFD6B66DC}.Release|x64.ActiveCfg = Release|Any CPU
		{B4E1C3C2-D507-4AEC-8071-977BFD6B66DC}.Release|x64.Build.0 = Release|Any CPU
		{B4E1C3C2-D507-4AEC-8071-977BFD6B66DC}.Release|x86.ActiveCfg = Release|Any CPU
		{B4E1C3C2-D507-4AEC-8071-977BFD6B66DC}.Release|x86.Build.0 = Release|Any CPU
		{1F2A32A5-C88E-4468-85F1-8DE2A652042C}.Debug|Any CPU.ActiveCfg = Debug|Any CPU
		{1F2A32A5-C88E-4468-85F1-8DE2A652042C}.Debug|Any CPU.Build.0 = Debug|Any CPU
		{1F2A32A5-C88E-4468-85F1-8DE2A652042C}.Debug|x64.ActiveCfg = Debug|Any CPU
		{1F2A32A5-C88E-4468-85F1-8DE2A652042C}.Debug|x64.Build.0 = Debug|Any CPU
		{1F2A32A5-C88E-4468-85F1-8DE2A652042C}.Debug|x86.ActiveCfg = Debug|Any CPU
		{1F2A32A5-C88E-4468-85F1-8DE2A652042C}.Debug|x86.Build.0 = Debug|Any CPU
		{1F2A32A5-C88E-4468-85F1-8DE2A652042C}.Release|Any CPU.ActiveCfg = Release|Any CPU
		{1F2A32A5-C88E-4468-85F1-8DE2A652042C}.Release|Any CPU.Build.0 = Release|Any CPU
		{1F2A32A5-C88E-4468-85F1-8DE2A652042C}.Release|x64.ActiveCfg = Release|Any CPU
		{1F2A32A5-C88E-4468-85F1-8DE2A652042C}.Release|x64.Build.0 = Release|Any CPU
		{1F2A32A5-C88E-4468-85F1-8DE2A652042C}.Release|x86.ActiveCfg = Release|Any CPU
		{1F2A32A5-C88E-4468-85F1-8DE2A652042C}.Release|x86.Build.0 = Release|Any CPU
		{70A26760-C9FE-485E-863B-19CD87BB0CED}.Debug|Any CPU.ActiveCfg = Debug|Any CPU
		{70A26760-C9FE-485E-863B-19CD87BB0CED}.Debug|Any CPU.Build.0 = Debug|Any CPU
		{70A26760-C9FE-485E-863B-19CD87BB0CED}.Debug|x64.ActiveCfg = Debug|Any CPU
		{70A26760-C9FE-485E-863B-19CD87BB0CED}.Debug|x64.Build.0 = Debug|Any CPU
		{70A26760-C9FE-485E-863B-19CD87BB0CED}.Debug|x86.ActiveCfg = Debug|Any CPU
		{70A26760-C9FE-485E-863B-19CD87BB0CED}.Debug|x86.Build.0 = Debug|Any CPU
		{70A26760-C9FE-485E-863B-19CD87BB0CED}.Release|Any CPU.ActiveCfg = Release|Any CPU
		{70A26760-C9FE-485E-863B-19CD87BB0CED}.Release|Any CPU.Build.0 = Release|Any CPU
		{70A26760-C9FE-485E-863B-19CD87BB0CED}.Release|x64.ActiveCfg = Release|Any CPU
		{70A26760-C9FE-485E-863B-19CD87BB0CED}.Release|x64.Build.0 = Release|Any CPU
		{70A26760-C9FE-485E-863B-19CD87BB0CED}.Release|x86.ActiveCfg = Release|Any CPU
		{70A26760-C9FE-485E-863B-19CD87BB0CED}.Release|x86.Build.0 = Release|Any CPU
		{B17145DC-0925-4E5E-927A-0946605BCA5F}.Debug|Any CPU.ActiveCfg = Debug|Any CPU
		{B17145DC-0925-4E5E-927A-0946605BCA5F}.Debug|Any CPU.Build.0 = Debug|Any CPU
		{B17145DC-0925-4E5E-927A-0946605BCA5F}.Debug|x64.ActiveCfg = Debug|Any CPU
		{B17145DC-0925-4E5E-927A-0946605BCA5F}.Debug|x64.Build.0 = Debug|Any CPU
		{B17145DC-0925-4E5E-927A-0946605BCA5F}.Debug|x86.ActiveCfg = Debug|Any CPU
		{B17145DC-0925-4E5E-927A-0946605BCA5F}.Debug|x86.Build.0 = Debug|Any CPU
		{B17145DC-0925-4E5E-927A-0946605BCA5F}.Release|Any CPU.ActiveCfg = Release|Any CPU
		{B17145DC-0925-4E5E-927A-0946605BCA5F}.Release|Any CPU.Build.0 = Release|Any CPU
		{B17145DC-0925-4E5E-927A-0946605BCA5F}.Release|x64.ActiveCfg = Release|Any CPU
		{B17145DC-0925-4E5E-927A-0946605BCA5F}.Release|x64.Build.0 = Release|Any CPU
		{B17145DC-0925-4E5E-927A-0946605BCA5F}.Release|x86.ActiveCfg = Release|Any CPU
		{B17145DC-0925-4E5E-927A-0946605BCA5F}.Release|x86.Build.0 = Release|Any CPU
		{D497C3F0-D3AA-42A8-8688-6A44FB9B7283}.Debug|Any CPU.ActiveCfg = Debug|Any CPU
		{D497C3F0-D3AA-42A8-8688-6A44FB9B7283}.Debug|Any CPU.Build.0 = Debug|Any CPU
		{D497C3F0-D3AA-42A8-8688-6A44FB9B7283}.Debug|x64.ActiveCfg = Debug|Any CPU
		{D497C3F0-D3AA-42A8-8688-6A44FB9B7283}.Debug|x64.Build.0 = Debug|Any CPU
		{D497C3F0-D3AA-42A8-8688-6A44FB9B7283}.Debug|x86.ActiveCfg = Debug|Any CPU
		{D497C3F0-D3AA-42A8-8688-6A44FB9B7283}.Debug|x86.Build.0 = Debug|Any CPU
		{D497C3F0-D3AA-42A8-8688-6A44FB9B7283}.Release|Any CPU.ActiveCfg = Release|Any CPU
		{D497C3F0-D3AA-42A8-8688-6A44FB9B7283}.Release|Any CPU.Build.0 = Release|Any CPU
		{D497C3F0-D3AA-42A8-8688-6A44FB9B7283}.Release|x64.ActiveCfg = Release|Any CPU
		{D497C3F0-D3AA-42A8-8688-6A44FB9B7283}.Release|x64.Build.0 = Release|Any CPU
		{D497C3F0-D3AA-42A8-8688-6A44FB9B7283}.Release|x86.ActiveCfg = Release|Any CPU
		{D497C3F0-D3AA-42A8-8688-6A44FB9B7283}.Release|x86.Build.0 = Release|Any CPU
		{1FC5CE7B-0040-4B68-9146-863CBD93944F}.Debug|Any CPU.ActiveCfg = Debug|Any CPU
		{1FC5CE7B-0040-4B68-9146-863CBD93944F}.Debug|Any CPU.Build.0 = Debug|Any CPU
		{1FC5CE7B-0040-4B68-9146-863CBD93944F}.Debug|x64.ActiveCfg = Debug|Any CPU
		{1FC5CE7B-0040-4B68-9146-863CBD93944F}.Debug|x64.Build.0 = Debug|Any CPU
		{1FC5CE7B-0040-4B68-9146-863CBD93944F}.Debug|x86.ActiveCfg = Debug|Any CPU
		{1FC5CE7B-0040-4B68-9146-863CBD93944F}.Debug|x86.Build.0 = Debug|Any CPU
		{1FC5CE7B-0040-4B68-9146-863CBD93944F}.Release|Any CPU.ActiveCfg = Release|Any CPU
		{1FC5CE7B-0040-4B68-9146-863CBD93944F}.Release|Any CPU.Build.0 = Release|Any CPU
		{1FC5CE7B-0040-4B68-9146-863CBD93944F}.Release|x64.ActiveCfg = Release|Any CPU
		{1FC5CE7B-0040-4B68-9146-863CBD93944F}.Release|x64.Build.0 = Release|Any CPU
		{1FC5CE7B-0040-4B68-9146-863CBD93944F}.Release|x86.ActiveCfg = Release|Any CPU
		{1FC5CE7B-0040-4B68-9146-863CBD93944F}.Release|x86.Build.0 = Release|Any CPU
		{2D1A53B1-1C31-421D-8514-B3F35D7C6E49}.Debug|Any CPU.ActiveCfg = Debug|Any CPU
		{2D1A53B1-1C31-421D-8514-B3F35D7C6E49}.Debug|Any CPU.Build.0 = Debug|Any CPU
		{2D1A53B1-1C31-421D-8514-B3F35D7C6E49}.Debug|x64.ActiveCfg = Debug|Any CPU
		{2D1A53B1-1C31-421D-8514-B3F35D7C6E49}.Debug|x64.Build.0 = Debug|Any CPU
		{2D1A53B1-1C31-421D-8514-B3F35D7C6E49}.Debug|x86.ActiveCfg = Debug|Any CPU
		{2D1A53B1-1C31-421D-8514-B3F35D7C6E49}.Debug|x86.Build.0 = Debug|Any CPU
		{2D1A53B1-1C31-421D-8514-B3F35D7C6E49}.Release|Any CPU.ActiveCfg = Release|Any CPU
		{2D1A53B1-1C31-421D-8514-B3F35D7C6E49}.Release|Any CPU.Build.0 = Release|Any CPU
		{2D1A53B1-1C31-421D-8514-B3F35D7C6E49}.Release|x64.ActiveCfg = Release|Any CPU
		{2D1A53B1-1C31-421D-8514-B3F35D7C6E49}.Release|x64.Build.0 = Release|Any CPU
		{2D1A53B1-1C31-421D-8514-B3F35D7C6E49}.Release|x86.ActiveCfg = Release|Any CPU
		{2D1A53B1-1C31-421D-8514-B3F35D7C6E49}.Release|x86.Build.0 = Release|Any CPU
		{20579B67-3501-45A5-8DD2-D6EB35221A6B}.Debug|Any CPU.ActiveCfg = Debug|Any CPU
		{20579B67-3501-45A5-8DD2-D6EB35221A6B}.Debug|Any CPU.Build.0 = Debug|Any CPU
		{20579B67-3501-45A5-8DD2-D6EB35221A6B}.Debug|x64.ActiveCfg = Debug|Any CPU
		{20579B67-3501-45A5-8DD2-D6EB35221A6B}.Debug|x64.Build.0 = Debug|Any CPU
		{20579B67-3501-45A5-8DD2-D6EB35221A6B}.Debug|x86.ActiveCfg = Debug|Any CPU
		{20579B67-3501-45A5-8DD2-D6EB35221A6B}.Debug|x86.Build.0 = Debug|Any CPU
		{20579B67-3501-45A5-8DD2-D6EB35221A6B}.Release|Any CPU.ActiveCfg = Release|Any CPU
		{20579B67-3501-45A5-8DD2-D6EB35221A6B}.Release|Any CPU.Build.0 = Release|Any CPU
		{20579B67-3501-45A5-8DD2-D6EB35221A6B}.Release|x64.ActiveCfg = Release|Any CPU
		{20579B67-3501-45A5-8DD2-D6EB35221A6B}.Release|x64.Build.0 = Release|Any CPU
		{20579B67-3501-45A5-8DD2-D6EB35221A6B}.Release|x86.ActiveCfg = Release|Any CPU
		{20579B67-3501-45A5-8DD2-D6EB35221A6B}.Release|x86.Build.0 = Release|Any CPU
		{B4C68ABC-7CBE-4BDE-A14B-A03801DDC702}.Debug|Any CPU.ActiveCfg = Debug|Any CPU
		{B4C68ABC-7CBE-4BDE-A14B-A03801DDC702}.Debug|Any CPU.Build.0 = Debug|Any CPU
		{B4C68ABC-7CBE-4BDE-A14B-A03801DDC702}.Debug|x64.ActiveCfg = Debug|Any CPU
		{B4C68ABC-7CBE-4BDE-A14B-A03801DDC702}.Debug|x64.Build.0 = Debug|Any CPU
		{B4C68ABC-7CBE-4BDE-A14B-A03801DDC702}.Debug|x86.ActiveCfg = Debug|Any CPU
		{B4C68ABC-7CBE-4BDE-A14B-A03801DDC702}.Debug|x86.Build.0 = Debug|Any CPU
		{B4C68ABC-7CBE-4BDE-A14B-A03801DDC702}.Release|Any CPU.ActiveCfg = Release|Any CPU
		{B4C68ABC-7CBE-4BDE-A14B-A03801DDC702}.Release|Any CPU.Build.0 = Release|Any CPU
		{B4C68ABC-7CBE-4BDE-A14B-A03801DDC702}.Release|x64.ActiveCfg = Release|Any CPU
		{B4C68ABC-7CBE-4BDE-A14B-A03801DDC702}.Release|x64.Build.0 = Release|Any CPU
		{B4C68ABC-7CBE-4BDE-A14B-A03801DDC702}.Release|x86.ActiveCfg = Release|Any CPU
		{B4C68ABC-7CBE-4BDE-A14B-A03801DDC702}.Release|x86.Build.0 = Release|Any CPU
		{17789A53-FFB7-4AC1-91D9-914401F47AA2}.Debug|Any CPU.ActiveCfg = Debug|Any CPU
		{17789A53-FFB7-4AC1-91D9-914401F47AA2}.Debug|Any CPU.Build.0 = Debug|Any CPU
		{17789A53-FFB7-4AC1-91D9-914401F47AA2}.Debug|x64.ActiveCfg = Debug|Any CPU
		{17789A53-FFB7-4AC1-91D9-914401F47AA2}.Debug|x64.Build.0 = Debug|Any CPU
		{17789A53-FFB7-4AC1-91D9-914401F47AA2}.Debug|x86.ActiveCfg = Debug|Any CPU
		{17789A53-FFB7-4AC1-91D9-914401F47AA2}.Debug|x86.Build.0 = Debug|Any CPU
		{17789A53-FFB7-4AC1-91D9-914401F47AA2}.Release|Any CPU.ActiveCfg = Release|Any CPU
		{17789A53-FFB7-4AC1-91D9-914401F47AA2}.Release|Any CPU.Build.0 = Release|Any CPU
		{17789A53-FFB7-4AC1-91D9-914401F47AA2}.Release|x64.ActiveCfg = Release|Any CPU
		{17789A53-FFB7-4AC1-91D9-914401F47AA2}.Release|x64.Build.0 = Release|Any CPU
		{17789A53-FFB7-4AC1-91D9-914401F47AA2}.Release|x86.ActiveCfg = Release|Any CPU
		{17789A53-FFB7-4AC1-91D9-914401F47AA2}.Release|x86.Build.0 = Release|Any CPU
		{3041E019-5E1A-4664-A6D8-4C0EB123DE5F}.Debug|Any CPU.ActiveCfg = Debug|Any CPU
		{3041E019-5E1A-4664-A6D8-4C0EB123DE5F}.Debug|Any CPU.Build.0 = Debug|Any CPU
		{3041E019-5E1A-4664-A6D8-4C0EB123DE5F}.Debug|x64.ActiveCfg = Debug|Any CPU
		{3041E019-5E1A-4664-A6D8-4C0EB123DE5F}.Debug|x64.Build.0 = Debug|Any CPU
		{3041E019-5E1A-4664-A6D8-4C0EB123DE5F}.Debug|x86.ActiveCfg = Debug|Any CPU
		{3041E019-5E1A-4664-A6D8-4C0EB123DE5F}.Debug|x86.Build.0 = Debug|Any CPU
		{3041E019-5E1A-4664-A6D8-4C0EB123DE5F}.Release|Any CPU.ActiveCfg = Release|Any CPU
		{3041E019-5E1A-4664-A6D8-4C0EB123DE5F}.Release|Any CPU.Build.0 = Release|Any CPU
		{3041E019-5E1A-4664-A6D8-4C0EB123DE5F}.Release|x64.ActiveCfg = Release|Any CPU
		{3041E019-5E1A-4664-A6D8-4C0EB123DE5F}.Release|x64.Build.0 = Release|Any CPU
		{3041E019-5E1A-4664-A6D8-4C0EB123DE5F}.Release|x86.ActiveCfg = Release|Any CPU
		{3041E019-5E1A-4664-A6D8-4C0EB123DE5F}.Release|x86.Build.0 = Release|Any CPU
		{5AA7BA36-9603-4368-9A0F-6BC2F35062A0}.Debug|Any CPU.ActiveCfg = Debug|Any CPU
		{5AA7BA36-9603-4368-9A0F-6BC2F35062A0}.Debug|Any CPU.Build.0 = Debug|Any CPU
		{5AA7BA36-9603-4368-9A0F-6BC2F35062A0}.Debug|x64.ActiveCfg = Debug|Any CPU
		{5AA7BA36-9603-4368-9A0F-6BC2F35062A0}.Debug|x64.Build.0 = Debug|Any CPU
		{5AA7BA36-9603-4368-9A0F-6BC2F35062A0}.Debug|x86.ActiveCfg = Debug|Any CPU
		{5AA7BA36-9603-4368-9A0F-6BC2F35062A0}.Debug|x86.Build.0 = Debug|Any CPU
		{5AA7BA36-9603-4368-9A0F-6BC2F35062A0}.Release|Any CPU.ActiveCfg = Release|Any CPU
		{5AA7BA36-9603-4368-9A0F-6BC2F35062A0}.Release|Any CPU.Build.0 = Release|Any CPU
		{5AA7BA36-9603-4368-9A0F-6BC2F35062A0}.Release|x64.ActiveCfg = Release|Any CPU
		{5AA7BA36-9603-4368-9A0F-6BC2F35062A0}.Release|x64.Build.0 = Release|Any CPU
		{5AA7BA36-9603-4368-9A0F-6BC2F35062A0}.Release|x86.ActiveCfg = Release|Any CPU
		{5AA7BA36-9603-4368-9A0F-6BC2F35062A0}.Release|x86.Build.0 = Release|Any CPU
		{736804B4-45F7-4983-A6A9-DA4C1F0C298E}.Debug|Any CPU.ActiveCfg = Debug|Any CPU
		{736804B4-45F7-4983-A6A9-DA4C1F0C298E}.Debug|Any CPU.Build.0 = Debug|Any CPU
		{736804B4-45F7-4983-A6A9-DA4C1F0C298E}.Debug|x64.ActiveCfg = Debug|Any CPU
		{736804B4-45F7-4983-A6A9-DA4C1F0C298E}.Debug|x64.Build.0 = Debug|Any CPU
		{736804B4-45F7-4983-A6A9-DA4C1F0C298E}.Debug|x86.ActiveCfg = Debug|Any CPU
		{736804B4-45F7-4983-A6A9-DA4C1F0C298E}.Debug|x86.Build.0 = Debug|Any CPU
		{736804B4-45F7-4983-A6A9-DA4C1F0C298E}.Release|Any CPU.ActiveCfg = Release|Any CPU
		{736804B4-45F7-4983-A6A9-DA4C1F0C298E}.Release|Any CPU.Build.0 = Release|Any CPU
		{736804B4-45F7-4983-A6A9-DA4C1F0C298E}.Release|x64.ActiveCfg = Release|Any CPU
		{736804B4-45F7-4983-A6A9-DA4C1F0C298E}.Release|x64.Build.0 = Release|Any CPU
		{736804B4-45F7-4983-A6A9-DA4C1F0C298E}.Release|x86.ActiveCfg = Release|Any CPU
		{736804B4-45F7-4983-A6A9-DA4C1F0C298E}.Release|x86.Build.0 = Release|Any CPU
		{CF9A53F2-0FE6-40C5-B6B5-2201A701111D}.Debug|Any CPU.ActiveCfg = Debug|Any CPU
		{CF9A53F2-0FE6-40C5-B6B5-2201A701111D}.Debug|Any CPU.Build.0 = Debug|Any CPU
		{CF9A53F2-0FE6-40C5-B6B5-2201A701111D}.Debug|x64.ActiveCfg = Debug|Any CPU
		{CF9A53F2-0FE6-40C5-B6B5-2201A701111D}.Debug|x64.Build.0 = Debug|Any CPU
		{CF9A53F2-0FE6-40C5-B6B5-2201A701111D}.Debug|x86.ActiveCfg = Debug|Any CPU
		{CF9A53F2-0FE6-40C5-B6B5-2201A701111D}.Debug|x86.Build.0 = Debug|Any CPU
		{CF9A53F2-0FE6-40C5-B6B5-2201A701111D}.Release|Any CPU.ActiveCfg = Release|Any CPU
		{CF9A53F2-0FE6-40C5-B6B5-2201A701111D}.Release|Any CPU.Build.0 = Release|Any CPU
		{CF9A53F2-0FE6-40C5-B6B5-2201A701111D}.Release|x64.ActiveCfg = Release|Any CPU
		{CF9A53F2-0FE6-40C5-B6B5-2201A701111D}.Release|x64.Build.0 = Release|Any CPU
		{CF9A53F2-0FE6-40C5-B6B5-2201A701111D}.Release|x86.ActiveCfg = Release|Any CPU
		{CF9A53F2-0FE6-40C5-B6B5-2201A701111D}.Release|x86.Build.0 = Release|Any CPU
		{72129FE7-9AEC-4EAB-9E6C-F62D97D360A4}.Debug|Any CPU.ActiveCfg = Debug|Any CPU
		{72129FE7-9AEC-4EAB-9E6C-F62D97D360A4}.Debug|Any CPU.Build.0 = Debug|Any CPU
		{72129FE7-9AEC-4EAB-9E6C-F62D97D360A4}.Debug|x64.ActiveCfg = Debug|Any CPU
		{72129FE7-9AEC-4EAB-9E6C-F62D97D360A4}.Debug|x64.Build.0 = Debug|Any CPU
		{72129FE7-9AEC-4EAB-9E6C-F62D97D360A4}.Debug|x86.ActiveCfg = Debug|Any CPU
		{72129FE7-9AEC-4EAB-9E6C-F62D97D360A4}.Debug|x86.Build.0 = Debug|Any CPU
		{72129FE7-9AEC-4EAB-9E6C-F62D97D360A4}.Release|Any CPU.ActiveCfg = Release|Any CPU
		{72129FE7-9AEC-4EAB-9E6C-F62D97D360A4}.Release|Any CPU.Build.0 = Release|Any CPU
		{72129FE7-9AEC-4EAB-9E6C-F62D97D360A4}.Release|x64.ActiveCfg = Release|Any CPU
		{72129FE7-9AEC-4EAB-9E6C-F62D97D360A4}.Release|x64.Build.0 = Release|Any CPU
		{72129FE7-9AEC-4EAB-9E6C-F62D97D360A4}.Release|x86.ActiveCfg = Release|Any CPU
		{72129FE7-9AEC-4EAB-9E6C-F62D97D360A4}.Release|x86.Build.0 = Release|Any CPU
		{90FE4EF5-16D4-49EE-8603-19E215D7A6E6}.Debug|Any CPU.ActiveCfg = Debug|Any CPU
		{90FE4EF5-16D4-49EE-8603-19E215D7A6E6}.Debug|Any CPU.Build.0 = Debug|Any CPU
		{90FE4EF5-16D4-49EE-8603-19E215D7A6E6}.Debug|x64.ActiveCfg = Debug|Any CPU
		{90FE4EF5-16D4-49EE-8603-19E215D7A6E6}.Debug|x64.Build.0 = Debug|Any CPU
		{90FE4EF5-16D4-49EE-8603-19E215D7A6E6}.Debug|x86.ActiveCfg = Debug|Any CPU
		{90FE4EF5-16D4-49EE-8603-19E215D7A6E6}.Debug|x86.Build.0 = Debug|Any CPU
		{90FE4EF5-16D4-49EE-8603-19E215D7A6E6}.Release|Any CPU.ActiveCfg = Release|Any CPU
		{90FE4EF5-16D4-49EE-8603-19E215D7A6E6}.Release|Any CPU.Build.0 = Release|Any CPU
		{90FE4EF5-16D4-49EE-8603-19E215D7A6E6}.Release|x64.ActiveCfg = Release|Any CPU
		{90FE4EF5-16D4-49EE-8603-19E215D7A6E6}.Release|x64.Build.0 = Release|Any CPU
		{90FE4EF5-16D4-49EE-8603-19E215D7A6E6}.Release|x86.ActiveCfg = Release|Any CPU
		{90FE4EF5-16D4-49EE-8603-19E215D7A6E6}.Release|x86.Build.0 = Release|Any CPU
		{664DBAB1-7195-42BC-9A88-3581B5995CE3}.Debug|Any CPU.ActiveCfg = Debug|Any CPU
		{664DBAB1-7195-42BC-9A88-3581B5995CE3}.Debug|Any CPU.Build.0 = Debug|Any CPU
		{664DBAB1-7195-42BC-9A88-3581B5995CE3}.Debug|x64.ActiveCfg = Debug|Any CPU
		{664DBAB1-7195-42BC-9A88-3581B5995CE3}.Debug|x64.Build.0 = Debug|Any CPU
		{664DBAB1-7195-42BC-9A88-3581B5995CE3}.Debug|x86.ActiveCfg = Debug|Any CPU
		{664DBAB1-7195-42BC-9A88-3581B5995CE3}.Debug|x86.Build.0 = Debug|Any CPU
		{664DBAB1-7195-42BC-9A88-3581B5995CE3}.Release|Any CPU.ActiveCfg = Release|Any CPU
		{664DBAB1-7195-42BC-9A88-3581B5995CE3}.Release|Any CPU.Build.0 = Release|Any CPU
		{664DBAB1-7195-42BC-9A88-3581B5995CE3}.Release|x64.ActiveCfg = Release|Any CPU
		{664DBAB1-7195-42BC-9A88-3581B5995CE3}.Release|x64.Build.0 = Release|Any CPU
		{664DBAB1-7195-42BC-9A88-3581B5995CE3}.Release|x86.ActiveCfg = Release|Any CPU
		{664DBAB1-7195-42BC-9A88-3581B5995CE3}.Release|x86.Build.0 = Release|Any CPU
		{062BF2D0-68D3-40B4-970D-78DB51A0B91A}.Debug|Any CPU.ActiveCfg = Debug|Any CPU
		{062BF2D0-68D3-40B4-970D-78DB51A0B91A}.Debug|Any CPU.Build.0 = Debug|Any CPU
		{062BF2D0-68D3-40B4-970D-78DB51A0B91A}.Debug|x64.ActiveCfg = Debug|Any CPU
		{062BF2D0-68D3-40B4-970D-78DB51A0B91A}.Debug|x64.Build.0 = Debug|Any CPU
		{062BF2D0-68D3-40B4-970D-78DB51A0B91A}.Debug|x86.ActiveCfg = Debug|Any CPU
		{062BF2D0-68D3-40B4-970D-78DB51A0B91A}.Debug|x86.Build.0 = Debug|Any CPU
		{062BF2D0-68D3-40B4-970D-78DB51A0B91A}.Release|Any CPU.ActiveCfg = Release|Any CPU
		{062BF2D0-68D3-40B4-970D-78DB51A0B91A}.Release|Any CPU.Build.0 = Release|Any CPU
		{062BF2D0-68D3-40B4-970D-78DB51A0B91A}.Release|x64.ActiveCfg = Release|Any CPU
		{062BF2D0-68D3-40B4-970D-78DB51A0B91A}.Release|x64.Build.0 = Release|Any CPU
		{062BF2D0-68D3-40B4-970D-78DB51A0B91A}.Release|x86.ActiveCfg = Release|Any CPU
		{062BF2D0-68D3-40B4-970D-78DB51A0B91A}.Release|x86.Build.0 = Release|Any CPU
		{6FE59618-647C-4E2B-9939-65D9FB85051A}.Debug|Any CPU.ActiveCfg = Debug|Any CPU
		{6FE59618-647C-4E2B-9939-65D9FB85051A}.Debug|Any CPU.Build.0 = Debug|Any CPU
		{6FE59618-647C-4E2B-9939-65D9FB85051A}.Debug|x64.ActiveCfg = Debug|Any CPU
		{6FE59618-647C-4E2B-9939-65D9FB85051A}.Debug|x64.Build.0 = Debug|Any CPU
		{6FE59618-647C-4E2B-9939-65D9FB85051A}.Debug|x86.ActiveCfg = Debug|Any CPU
		{6FE59618-647C-4E2B-9939-65D9FB85051A}.Debug|x86.Build.0 = Debug|Any CPU
		{6FE59618-647C-4E2B-9939-65D9FB85051A}.Release|Any CPU.ActiveCfg = Release|Any CPU
		{6FE59618-647C-4E2B-9939-65D9FB85051A}.Release|Any CPU.Build.0 = Release|Any CPU
		{6FE59618-647C-4E2B-9939-65D9FB85051A}.Release|x64.ActiveCfg = Release|Any CPU
		{6FE59618-647C-4E2B-9939-65D9FB85051A}.Release|x64.Build.0 = Release|Any CPU
		{6FE59618-647C-4E2B-9939-65D9FB85051A}.Release|x86.ActiveCfg = Release|Any CPU
		{6FE59618-647C-4E2B-9939-65D9FB85051A}.Release|x86.Build.0 = Release|Any CPU
		{5C083FB7-5625-425B-98A7-76E894665127}.Debug|Any CPU.ActiveCfg = Debug|Any CPU
		{5C083FB7-5625-425B-98A7-76E894665127}.Debug|Any CPU.Build.0 = Debug|Any CPU
		{5C083FB7-5625-425B-98A7-76E894665127}.Debug|x64.ActiveCfg = Debug|Any CPU
		{5C083FB7-5625-425B-98A7-76E894665127}.Debug|x64.Build.0 = Debug|Any CPU
		{5C083FB7-5625-425B-98A7-76E894665127}.Debug|x86.ActiveCfg = Debug|Any CPU
		{5C083FB7-5625-425B-98A7-76E894665127}.Debug|x86.Build.0 = Debug|Any CPU
		{5C083FB7-5625-425B-98A7-76E894665127}.Release|Any CPU.ActiveCfg = Release|Any CPU
		{5C083FB7-5625-425B-98A7-76E894665127}.Release|Any CPU.Build.0 = Release|Any CPU
		{5C083FB7-5625-425B-98A7-76E894665127}.Release|x64.ActiveCfg = Release|Any CPU
		{5C083FB7-5625-425B-98A7-76E894665127}.Release|x64.Build.0 = Release|Any CPU
		{5C083FB7-5625-425B-98A7-76E894665127}.Release|x86.ActiveCfg = Release|Any CPU
		{5C083FB7-5625-425B-98A7-76E894665127}.Release|x86.Build.0 = Release|Any CPU
		{8BA03178-1640-402C-A4C5-E2EF1DD5DDEA}.Debug|Any CPU.ActiveCfg = Debug|Any CPU
		{8BA03178-1640-402C-A4C5-E2EF1DD5DDEA}.Debug|Any CPU.Build.0 = Debug|Any CPU
		{8BA03178-1640-402C-A4C5-E2EF1DD5DDEA}.Debug|x64.ActiveCfg = Debug|Any CPU
		{8BA03178-1640-402C-A4C5-E2EF1DD5DDEA}.Debug|x64.Build.0 = Debug|Any CPU
		{8BA03178-1640-402C-A4C5-E2EF1DD5DDEA}.Debug|x86.ActiveCfg = Debug|Any CPU
		{8BA03178-1640-402C-A4C5-E2EF1DD5DDEA}.Debug|x86.Build.0 = Debug|Any CPU
		{8BA03178-1640-402C-A4C5-E2EF1DD5DDEA}.Release|Any CPU.ActiveCfg = Release|Any CPU
		{8BA03178-1640-402C-A4C5-E2EF1DD5DDEA}.Release|Any CPU.Build.0 = Release|Any CPU
		{8BA03178-1640-402C-A4C5-E2EF1DD5DDEA}.Release|x64.ActiveCfg = Release|Any CPU
		{8BA03178-1640-402C-A4C5-E2EF1DD5DDEA}.Release|x64.Build.0 = Release|Any CPU
		{8BA03178-1640-402C-A4C5-E2EF1DD5DDEA}.Release|x86.ActiveCfg = Release|Any CPU
		{8BA03178-1640-402C-A4C5-E2EF1DD5DDEA}.Release|x86.Build.0 = Release|Any CPU
		{0F3D302E-B9FA-451D-B06B-AADCD63C28CE}.Debug|Any CPU.ActiveCfg = Debug|Any CPU
		{0F3D302E-B9FA-451D-B06B-AADCD63C28CE}.Debug|Any CPU.Build.0 = Debug|Any CPU
		{0F3D302E-B9FA-451D-B06B-AADCD63C28CE}.Debug|x64.ActiveCfg = Debug|Any CPU
		{0F3D302E-B9FA-451D-B06B-AADCD63C28CE}.Debug|x64.Build.0 = Debug|Any CPU
		{0F3D302E-B9FA-451D-B06B-AADCD63C28CE}.Debug|x86.ActiveCfg = Debug|Any CPU
		{0F3D302E-B9FA-451D-B06B-AADCD63C28CE}.Debug|x86.Build.0 = Debug|Any CPU
		{0F3D302E-B9FA-451D-B06B-AADCD63C28CE}.Release|Any CPU.ActiveCfg = Release|Any CPU
		{0F3D302E-B9FA-451D-B06B-AADCD63C28CE}.Release|Any CPU.Build.0 = Release|Any CPU
		{0F3D302E-B9FA-451D-B06B-AADCD63C28CE}.Release|x64.ActiveCfg = Release|Any CPU
		{0F3D302E-B9FA-451D-B06B-AADCD63C28CE}.Release|x64.Build.0 = Release|Any CPU
		{0F3D302E-B9FA-451D-B06B-AADCD63C28CE}.Release|x86.ActiveCfg = Release|Any CPU
		{0F3D302E-B9FA-451D-B06B-AADCD63C28CE}.Release|x86.Build.0 = Release|Any CPU
		{A9C96264-7A87-4660-88FE-9888CA5CF19F}.Debug|Any CPU.ActiveCfg = Debug|Any CPU
		{A9C96264-7A87-4660-88FE-9888CA5CF19F}.Debug|Any CPU.Build.0 = Debug|Any CPU
		{A9C96264-7A87-4660-88FE-9888CA5CF19F}.Debug|x64.ActiveCfg = Debug|Any CPU
		{A9C96264-7A87-4660-88FE-9888CA5CF19F}.Debug|x64.Build.0 = Debug|Any CPU
		{A9C96264-7A87-4660-88FE-9888CA5CF19F}.Debug|x86.ActiveCfg = Debug|Any CPU
		{A9C96264-7A87-4660-88FE-9888CA5CF19F}.Debug|x86.Build.0 = Debug|Any CPU
		{A9C96264-7A87-4660-88FE-9888CA5CF19F}.Release|Any CPU.ActiveCfg = Release|Any CPU
		{A9C96264-7A87-4660-88FE-9888CA5CF19F}.Release|Any CPU.Build.0 = Release|Any CPU
		{A9C96264-7A87-4660-88FE-9888CA5CF19F}.Release|x64.ActiveCfg = Release|Any CPU
		{A9C96264-7A87-4660-88FE-9888CA5CF19F}.Release|x64.Build.0 = Release|Any CPU
		{A9C96264-7A87-4660-88FE-9888CA5CF19F}.Release|x86.ActiveCfg = Release|Any CPU
		{A9C96264-7A87-4660-88FE-9888CA5CF19F}.Release|x86.Build.0 = Release|Any CPU
		{9F6D85EA-6B9A-4E82-8EA4-F96AC692B60C}.Debug|Any CPU.ActiveCfg = Debug|Any CPU
		{9F6D85EA-6B9A-4E82-8EA4-F96AC692B60C}.Debug|Any CPU.Build.0 = Debug|Any CPU
		{9F6D85EA-6B9A-4E82-8EA4-F96AC692B60C}.Debug|x64.ActiveCfg = Debug|Any CPU
		{9F6D85EA-6B9A-4E82-8EA4-F96AC692B60C}.Debug|x64.Build.0 = Debug|Any CPU
		{9F6D85EA-6B9A-4E82-8EA4-F96AC692B60C}.Debug|x86.ActiveCfg = Debug|Any CPU
		{9F6D85EA-6B9A-4E82-8EA4-F96AC692B60C}.Debug|x86.Build.0 = Debug|Any CPU
		{9F6D85EA-6B9A-4E82-8EA4-F96AC692B60C}.Release|Any CPU.ActiveCfg = Release|Any CPU
		{9F6D85EA-6B9A-4E82-8EA4-F96AC692B60C}.Release|Any CPU.Build.0 = Release|Any CPU
		{9F6D85EA-6B9A-4E82-8EA4-F96AC692B60C}.Release|x64.ActiveCfg = Release|Any CPU
		{9F6D85EA-6B9A-4E82-8EA4-F96AC692B60C}.Release|x64.Build.0 = Release|Any CPU
		{9F6D85EA-6B9A-4E82-8EA4-F96AC692B60C}.Release|x86.ActiveCfg = Release|Any CPU
		{9F6D85EA-6B9A-4E82-8EA4-F96AC692B60C}.Release|x86.Build.0 = Release|Any CPU
	EndGlobalSection
EndGlobal
