
Microsoft Visual Studio Solution File, Format Version 12.00
# Visual Studio 15
VisualStudioVersion = 15.0.26124.0
MinimumVisualStudioVersion = 15.0.26124.0
Project("{FAE04EC0-301F-11D3-BF4B-00C04F79EFBC}") = "Penguin.Cms.Modules.InternalMessaging.Local", "Penguin.Cms.Modules.InternalMessaging.Local.csproj", "{8B12D528-5608-4106-BE78-1FF286B4120A}"
EndProject
Project("{FAE04EC0-301F-11D3-BF4B-00C04F79EFBC}") = "Penguin.Cms.InternalMessaging.Local", "..\Penguin.Cms.InternalMessaging\Penguin.Cms.InternalMessaging.Local.csproj", "{4CCAF1E7-4612-41D4-BB47-841B158BD761}"
EndProject
Project("{FAE04EC0-301F-11D3-BF4B-00C04F79EFBC}") = "Penguin.Cms.Entities.Local", "..\Penguin.Cms.Entities\Penguin.Cms.Entities.Local.csproj", "{F8EBA58B-99F0-4C61-A061-71B489CE9167}"
EndProject
Project("{FAE04EC0-301F-11D3-BF4B-00C04F79EFBC}") = "Penguin.Persistence.Abstractions.Local", "..\Penguin.Persistence.Abstractions\Penguin.Persistence.Abstractions.Local.csproj", "{7355B888-88EB-4E4A-A799-A73CB1856EEB}"
EndProject
Project("{FAE04EC0-301F-11D3-BF4B-00C04F79EFBC}") = "Penguin.Entities.Abstractions.Local", "..\Penguin.Entities.Abstractions\Penguin.Entities.Abstractions.Local.csproj", "{7CA27540-9461-49AE-A9CE-D141116603C4}"
EndProject
Project("{FAE04EC0-301F-11D3-BF4B-00C04F79EFBC}") = "Penguin.Reflection.Extensions.Local", "..\Penguin.Reflection.Extensions\Penguin.Reflection.Extensions.Local.csproj", "{20D66C05-EC2A-458E-9BA1-AEE9C3053FD7}"
EndProject
Project("{FAE04EC0-301F-11D3-BF4B-00C04F79EFBC}") = "Penguin.Extensions.String.Local", "..\Penguin.Extensions.String\Penguin.Extensions.String.Local.csproj", "{A9CCE03C-27A0-4415-9216-2594EFAB404D}"
EndProject
Project("{FAE04EC0-301F-11D3-BF4B-00C04F79EFBC}") = "Penguin.Reflection.Abstractions.Local", "..\Penguin.Reflection.Abstractions\Penguin.Reflection.Abstractions.Local.csproj", "{B95F68F0-1BB5-417B-AB81-3E967F218D58}"
EndProject
Project("{FAE04EC0-301F-11D3-BF4B-00C04F79EFBC}") = "Penguin.Shared.Objects.Local", "..\Penguin.Shared.Objects\Penguin.Shared.Objects.Local.csproj", "{693F391A-F1F9-495A-831F-9117E51BD273}"
EndProject
Project("{FAE04EC0-301F-11D3-BF4B-00C04F79EFBC}") = "Penguin.Cms.InternalMessaging.Repositories.Local", "..\Penguin.Cms.InternalMessaging.Repositories\Penguin.Cms.InternalMessaging.Repositories.Local.csproj", "{3EDA68D1-8AF6-4E15-99D2-F6AF309F6A18}"
EndProject
Project("{FAE04EC0-301F-11D3-BF4B-00C04F79EFBC}") = "Penguin.Cms.Email.Abstractions.Local", "..\Penguin.Cms.Email.Abstractions\Penguin.Cms.Email.Abstractions.Local.csproj", "{AC5F278B-91E6-4B30-A0B0-42427008FDD7}"
EndProject
Project("{FAE04EC0-301F-11D3-BF4B-00C04F79EFBC}") = "Penguin.Email.Abstractions.Local", "..\Penguin.Email.Abstractions\Penguin.Email.Abstractions.Local.csproj", "{E18CDC2B-63C7-4C55-9E24-BA58784E1B68}"
EndProject
Project("{FAE04EC0-301F-11D3-BF4B-00C04F79EFBC}") = "Penguin.Files.Abstractions.Local", "..\Penguin.Files.Abstractions\Penguin.Files.Abstractions.Local.csproj", "{F5F2CFE1-AE07-4D6C-8A2D-AAEFD8230492}"
EndProject
Project("{FAE04EC0-301F-11D3-BF4B-00C04F79EFBC}") = "Penguin.Cms.Security.Local", "..\Penguin.Cms.Security\Penguin.Cms.Security.Local.csproj", "{39EAA544-3E5F-4845-8A0A-D6F7D6D04E12}"
EndProject
Project("{FAE04EC0-301F-11D3-BF4B-00C04F79EFBC}") = "Penguin.Auditing.Abstractions.Local", "..\Penguin.Auditing.Abstractions\Penguin.Auditing.Abstractions.Local.csproj", "{A5C9E2D0-D36B-4A5C-921C-C28496CCADDE}"
EndProject
Project("{FAE04EC0-301F-11D3-BF4B-00C04F79EFBC}") = "Penguin.Cms.Abstractions.Local", "..\Penguin.Cms.Abstractions\Penguin.Cms.Abstractions.Local.csproj", "{9BBDD21A-687C-414B-8557-29641379EB45}"
EndProject
Project("{FAE04EC0-301F-11D3-BF4B-00C04F79EFBC}") = "Penguin.DependencyInjection.Abstractions.Local", "..\Penguin.DependencyInjection.Abstractions\Penguin.DependencyInjection.Abstractions.Local.csproj", "{731EFF0D-D813-4F8C-A07D-1A4DD63F9120}"
EndProject
Project("{FAE04EC0-301F-11D3-BF4B-00C04F79EFBC}") = "Penguin.Email.Templating.Abstractions.Local", "..\Penguin.Email.Templating.Abstractions\Penguin.Email.Templating.Abstractions.Local.csproj", "{441DA0F4-07C0-4DDE-A8B7-87D479DC3595}"
EndProject
Project("{FAE04EC0-301F-11D3-BF4B-00C04F79EFBC}") = "Penguin.Templating.Abstractions.Local", "..\Penguin.Templating.Abstractions\Penguin.Templating.Abstractions.Local.csproj", "{4A7C5F86-CCE6-49C1-9355-D8235D7368EE}"
EndProject
Project("{FAE04EC0-301F-11D3-BF4B-00C04F79EFBC}") = "Penguin.Security.Abstractions.Local", "..\Penguin.Security.Abstractions\Penguin.Security.Abstractions.Local.csproj", "{3F42885A-AC8D-4A70-A4EA-B3EE00DB046D}"
EndProject
Project("{FAE04EC0-301F-11D3-BF4B-00C04F79EFBC}") = "Penguin.Cms.Security.Repositories.Local", "..\Penguin.Cms.Security.Repositories\Penguin.Cms.Security.Repositories.Local.csproj", "{5ACDB632-AB49-44F6-B775-A8CDF6FD477B}"
EndProject
Project("{FAE04EC0-301F-11D3-BF4B-00C04F79EFBC}") = "Penguin.Cms.Repositories.Local", "..\Penguin.Cms.Repositories\Penguin.Cms.Repositories.Local.csproj", "{6CDA86A4-B20F-42E2-AF74-A4E1FDD81BEB}"
EndProject
Project("{FAE04EC0-301F-11D3-BF4B-00C04F79EFBC}") = "Penguin.Messaging.Core.Local", "..\Penguin.Messaging.Core\Penguin.Messaging.Core.Local.csproj", "{EE703490-0395-4140-8851-D990EBB22102}"
EndProject
Project("{FAE04EC0-301F-11D3-BF4B-00C04F79EFBC}") = "Penguin.Debugging.Local", "..\Penguin.Debugging\Penguin.Debugging.Local.csproj", "{693F2BD5-2A50-45E3-AF32-0C140AFCAB09}"
EndProject
Project("{FAE04EC0-301F-11D3-BF4B-00C04F79EFBC}") = "Penguin.Extensions.Exceptions.Local", "..\Penguin.Extensions.Exceptions\Penguin.Extensions.Exceptions.Local.csproj", "{937492EE-28AE-4DE6-96DD-062B61197B62}"
EndProject
Project("{FAE04EC0-301F-11D3-BF4B-00C04F79EFBC}") = "Penguin.Messaging.Abstractions.Local", "..\Penguin.Messaging.Abstractions\Penguin.Messaging.Abstractions.Local.csproj", "{217215B7-AE49-42B4-9483-37B9C38F1B99}"
EndProject
Project("{FAE04EC0-301F-11D3-BF4B-00C04F79EFBC}") = "Penguin.Persistence.Repositories.Local", "..\Penguin.Persistence.Repositories\Penguin.Persistence.Repositories.Local.csproj", "{35E929FA-54A1-4418-8731-0C3F33C08260}"
EndProject
Project("{FAE04EC0-301F-11D3-BF4B-00C04F79EFBC}") = "Penguin.Messaging.Persistence.Local", "..\Penguin.Messaging.Persistence\Penguin.Messaging.Persistence.Local.csproj", "{87ABE27F-C233-428F-90AD-479DB361967A}"
EndProject
Project("{FAE04EC0-301F-11D3-BF4B-00C04F79EFBC}") = "Penguin.Reflection.Local", "..\Penguin.Reflection\Penguin.Reflection.Local.csproj", "{1111B2BE-82C2-45D3-B229-577D8B1CD763}"
EndProject
Project("{FAE04EC0-301F-11D3-BF4B-00C04F79EFBC}") = "Penguin.Extensions.Collections.Local", "..\Penguin.Extensions.Collections\Penguin.Extensions.Collections.Local.csproj", "{2185AF5E-BCCD-47E6-8342-F2CA4297A46E}"
EndProject
Project("{FAE04EC0-301F-11D3-BF4B-00C04F79EFBC}") = "Penguin.Cms.Web.Local", "..\Penguin.Cms.Web\Penguin.Cms.Web.Local.csproj", "{F4C77DCE-CC2C-4932-BEA1-6B6E699CA55B}"
EndProject
Project("{FAE04EC0-301F-11D3-BF4B-00C04F79EFBC}") = "Penguin.Configuration.Local", "..\Penguin.Configuration\Penguin.Configuration.Local.csproj", "{334EE930-C124-4CFF-BAB7-D90FA6AB3873}"
EndProject
Project("{FAE04EC0-301F-11D3-BF4B-00C04F79EFBC}") = "Penguin.Configuration.Abstractions.Local", "..\Penguin.Configuration.Abstractions\Penguin.Configuration.Abstractions.Local.csproj", "{165E0DA4-D9A8-4713-8E3A-D04725E1A3DC}"
EndProject
Project("{FAE04EC0-301F-11D3-BF4B-00C04F79EFBC}") = "Penguin.DependencyInjection.Local", "..\Penguin.DependencyInjection\Penguin.DependencyInjection.Local.csproj", "{264B02F5-88E4-48CF-B056-6FF22EFDFC0C}"
EndProject
Project("{FAE04EC0-301F-11D3-BF4B-00C04F79EFBC}") = "Penguin.Files.Local", "..\Penguin.Files\Penguin.Files.Local.csproj", "{79F4CD4A-7BCB-4C58-8A32-A5D340B930C7}"
EndProject
Project("{FAE04EC0-301F-11D3-BF4B-00C04F79EFBC}") = "Penguin.Messaging.Application.Local", "..\Penguin.Messaging.Application\Penguin.Messaging.Application.Local.csproj", "{FFEE6FD9-A1AC-4845-82CC-96B712BD535F}"
EndProject
Project("{FAE04EC0-301F-11D3-BF4B-00C04F79EFBC}") = "Penguin.Persistence.Database.Local", "..\Penguin.Persistence.Database\Penguin.Persistence.Database.Local.csproj", "{7FB60A82-E632-4DED-8A31-272A74149209}"
EndProject
Project("{FAE04EC0-301F-11D3-BF4B-00C04F79EFBC}") = "Penguin.Threading.BackgroundWorker.Local", "..\Penguin.Threading.BackgroundWorker\Penguin.Threading.BackgroundWorker.Local.csproj", "{EC181FEB-54B5-47E2-8C5C-1FAB743EDCBA}"
EndProject
Project("{FAE04EC0-301F-11D3-BF4B-00C04F79EFBC}") = "Penguin.Reflection.Serialization.Local", "..\Penguin.Reflection.Serialization\Penguin.Reflection.Serialization.Local.csproj", "{E85797C7-40D2-4870-A44D-A240F56A0BC8}"
EndProject
Project("{FAE04EC0-301F-11D3-BF4B-00C04F79EFBC}") = "Penguin.Reflection.Serialization.Abstractions.Local", "..\Penguin.Reflection.Serialization.Abstractions\Penguin.Reflection.Serialization.Abstractions.Local.csproj", "{2C606C85-176A-4D09-9ACD-D0D480AA6CD8}"
EndProject
Project("{FAE04EC0-301F-11D3-BF4B-00C04F79EFBC}") = "Penguin.Reflection.Serialization.Extensions.Local", "..\Penguin.Reflection.Serialization.Extensions\Penguin.Reflection.Serialization.Extensions.Local.csproj", "{1250A890-4857-46BA-85C6-1665D0458447}"
EndProject
Project("{FAE04EC0-301F-11D3-BF4B-00C04F79EFBC}") = "Penguin.Testing.Local", "..\Penguin.Testing\Penguin.Testing.Local.csproj", "{1F76B295-6EC6-474D-82E0-776A91D4890A}"
EndProject
Project("{FAE04EC0-301F-11D3-BF4B-00C04F79EFBC}") = "Penguin.Web.Abstractions.Local", "..\Penguin.Web.Abstractions\Penguin.Web.Abstractions.Local.csproj", "{AA1C079F-B150-4B33-A241-01F6E346C0AB}"
EndProject
Project("{FAE04EC0-301F-11D3-BF4B-00C04F79EFBC}") = "Penguin.Web.DependencyInjection.Local", "..\Penguin.Web.DependencyInjection\Penguin.Web.DependencyInjection.Local.csproj", "{22228250-A4BA-4D4C-AF64-52F7B65A80AE}"
EndProject
Project("{FAE04EC0-301F-11D3-BF4B-00C04F79EFBC}") = "Penguin.Web.Testing.Local", "..\Penguin.Web.Testing\Penguin.Web.Testing.Local.csproj", "{2CB5093B-AA3B-486A-A8AF-3AE8FE12A536}"
EndProject
Project("{FAE04EC0-301F-11D3-BF4B-00C04F79EFBC}") = "Penguin.Web.Errors.Local", "..\Penguin.Web.Errors\Penguin.Web.Errors.Local.csproj", "{F8410CCE-1694-4D33-B253-7E5EE1985226}"
EndProject
Project("{FAE04EC0-301F-11D3-BF4B-00C04F79EFBC}") = "Penguin.Web.Mvc.Local", "..\Penguin.Web.Mvc\Penguin.Web.Mvc.Local.csproj", "{5C3975DA-EF58-4AE5-80D1-1F6F1D71EB6E}"
EndProject
Project("{FAE04EC0-301F-11D3-BF4B-00C04F79EFBC}") = "Penguin.Web.Mvc.Abstractions.Local", "..\Penguin.Web.Mvc.Abstractions\Penguin.Web.Mvc.Abstractions.Local.csproj", "{40BF2B31-B751-4C69-877E-65368865D195}"
EndProject
Global
	GlobalSection(SolutionConfigurationPlatforms) = preSolution
		Debug|Any CPU = Debug|Any CPU
		Debug|x64 = Debug|x64
		Debug|x86 = Debug|x86
		Release|Any CPU = Release|Any CPU
		Release|x64 = Release|x64
		Release|x86 = Release|x86
	EndGlobalSection
	GlobalSection(SolutionProperties) = preSolution
		HideSolutionNode = FALSE
	EndGlobalSection
	GlobalSection(ProjectConfigurationPlatforms) = postSolution
		{8B12D528-5608-4106-BE78-1FF286B4120A}.Debug|Any CPU.ActiveCfg = Debug|Any CPU
		{8B12D528-5608-4106-BE78-1FF286B4120A}.Debug|Any CPU.Build.0 = Debug|Any CPU
		{8B12D528-5608-4106-BE78-1FF286B4120A}.Debug|x64.ActiveCfg = Debug|Any CPU
		{8B12D528-5608-4106-BE78-1FF286B4120A}.Debug|x64.Build.0 = Debug|Any CPU
		{8B12D528-5608-4106-BE78-1FF286B4120A}.Debug|x86.ActiveCfg = Debug|Any CPU
		{8B12D528-5608-4106-BE78-1FF286B4120A}.Debug|x86.Build.0 = Debug|Any CPU
		{8B12D528-5608-4106-BE78-1FF286B4120A}.Release|Any CPU.ActiveCfg = Release|Any CPU
		{8B12D528-5608-4106-BE78-1FF286B4120A}.Release|Any CPU.Build.0 = Release|Any CPU
		{8B12D528-5608-4106-BE78-1FF286B4120A}.Release|x64.ActiveCfg = Release|Any CPU
		{8B12D528-5608-4106-BE78-1FF286B4120A}.Release|x64.Build.0 = Release|Any CPU
		{8B12D528-5608-4106-BE78-1FF286B4120A}.Release|x86.ActiveCfg = Release|Any CPU
		{8B12D528-5608-4106-BE78-1FF286B4120A}.Release|x86.Build.0 = Release|Any CPU
		{4CCAF1E7-4612-41D4-BB47-841B158BD761}.Debug|Any CPU.ActiveCfg = Debug|Any CPU
		{4CCAF1E7-4612-41D4-BB47-841B158BD761}.Debug|Any CPU.Build.0 = Debug|Any CPU
		{4CCAF1E7-4612-41D4-BB47-841B158BD761}.Debug|x64.ActiveCfg = Debug|Any CPU
		{4CCAF1E7-4612-41D4-BB47-841B158BD761}.Debug|x64.Build.0 = Debug|Any CPU
		{4CCAF1E7-4612-41D4-BB47-841B158BD761}.Debug|x86.ActiveCfg = Debug|Any CPU
		{4CCAF1E7-4612-41D4-BB47-841B158BD761}.Debug|x86.Build.0 = Debug|Any CPU
		{4CCAF1E7-4612-41D4-BB47-841B158BD761}.Release|Any CPU.ActiveCfg = Release|Any CPU
		{4CCAF1E7-4612-41D4-BB47-841B158BD761}.Release|Any CPU.Build.0 = Release|Any CPU
		{4CCAF1E7-4612-41D4-BB47-841B158BD761}.Release|x64.ActiveCfg = Release|Any CPU
		{4CCAF1E7-4612-41D4-BB47-841B158BD761}.Release|x64.Build.0 = Release|Any CPU
		{4CCAF1E7-4612-41D4-BB47-841B158BD761}.Release|x86.ActiveCfg = Release|Any CPU
		{4CCAF1E7-4612-41D4-BB47-841B158BD761}.Release|x86.Build.0 = Release|Any CPU
		{F8EBA58B-99F0-4C61-A061-71B489CE9167}.Debug|Any CPU.ActiveCfg = Debug|Any CPU
		{F8EBA58B-99F0-4C61-A061-71B489CE9167}.Debug|Any CPU.Build.0 = Debug|Any CPU
		{F8EBA58B-99F0-4C61-A061-71B489CE9167}.Debug|x64.ActiveCfg = Debug|Any CPU
		{F8EBA58B-99F0-4C61-A061-71B489CE9167}.Debug|x64.Build.0 = Debug|Any CPU
		{F8EBA58B-99F0-4C61-A061-71B489CE9167}.Debug|x86.ActiveCfg = Debug|Any CPU
		{F8EBA58B-99F0-4C61-A061-71B489CE9167}.Debug|x86.Build.0 = Debug|Any CPU
		{F8EBA58B-99F0-4C61-A061-71B489CE9167}.Release|Any CPU.ActiveCfg = Release|Any CPU
		{F8EBA58B-99F0-4C61-A061-71B489CE9167}.Release|Any CPU.Build.0 = Release|Any CPU
		{F8EBA58B-99F0-4C61-A061-71B489CE9167}.Release|x64.ActiveCfg = Release|Any CPU
		{F8EBA58B-99F0-4C61-A061-71B489CE9167}.Release|x64.Build.0 = Release|Any CPU
		{F8EBA58B-99F0-4C61-A061-71B489CE9167}.Release|x86.ActiveCfg = Release|Any CPU
		{F8EBA58B-99F0-4C61-A061-71B489CE9167}.Release|x86.Build.0 = Release|Any CPU
		{7355B888-88EB-4E4A-A799-A73CB1856EEB}.Debug|Any CPU.ActiveCfg = Debug|Any CPU
		{7355B888-88EB-4E4A-A799-A73CB1856EEB}.Debug|Any CPU.Build.0 = Debug|Any CPU
		{7355B888-88EB-4E4A-A799-A73CB1856EEB}.Debug|x64.ActiveCfg = Debug|Any CPU
		{7355B888-88EB-4E4A-A799-A73CB1856EEB}.Debug|x64.Build.0 = Debug|Any CPU
		{7355B888-88EB-4E4A-A799-A73CB1856EEB}.Debug|x86.ActiveCfg = Debug|Any CPU
		{7355B888-88EB-4E4A-A799-A73CB1856EEB}.Debug|x86.Build.0 = Debug|Any CPU
		{7355B888-88EB-4E4A-A799-A73CB1856EEB}.Release|Any CPU.ActiveCfg = Release|Any CPU
		{7355B888-88EB-4E4A-A799-A73CB1856EEB}.Release|Any CPU.Build.0 = Release|Any CPU
		{7355B888-88EB-4E4A-A799-A73CB1856EEB}.Release|x64.ActiveCfg = Release|Any CPU
		{7355B888-88EB-4E4A-A799-A73CB1856EEB}.Release|x64.Build.0 = Release|Any CPU
		{7355B888-88EB-4E4A-A799-A73CB1856EEB}.Release|x86.ActiveCfg = Release|Any CPU
		{7355B888-88EB-4E4A-A799-A73CB1856EEB}.Release|x86.Build.0 = Release|Any CPU
		{7CA27540-9461-49AE-A9CE-D141116603C4}.Debug|Any CPU.ActiveCfg = Debug|Any CPU
		{7CA27540-9461-49AE-A9CE-D141116603C4}.Debug|Any CPU.Build.0 = Debug|Any CPU
		{7CA27540-9461-49AE-A9CE-D141116603C4}.Debug|x64.ActiveCfg = Debug|Any CPU
		{7CA27540-9461-49AE-A9CE-D141116603C4}.Debug|x64.Build.0 = Debug|Any CPU
		{7CA27540-9461-49AE-A9CE-D141116603C4}.Debug|x86.ActiveCfg = Debug|Any CPU
		{7CA27540-9461-49AE-A9CE-D141116603C4}.Debug|x86.Build.0 = Debug|Any CPU
		{7CA27540-9461-49AE-A9CE-D141116603C4}.Release|Any CPU.ActiveCfg = Release|Any CPU
		{7CA27540-9461-49AE-A9CE-D141116603C4}.Release|Any CPU.Build.0 = Release|Any CPU
		{7CA27540-9461-49AE-A9CE-D141116603C4}.Release|x64.ActiveCfg = Release|Any CPU
		{7CA27540-9461-49AE-A9CE-D141116603C4}.Release|x64.Build.0 = Release|Any CPU
		{7CA27540-9461-49AE-A9CE-D141116603C4}.Release|x86.ActiveCfg = Release|Any CPU
		{7CA27540-9461-49AE-A9CE-D141116603C4}.Release|x86.Build.0 = Release|Any CPU
		{20D66C05-EC2A-458E-9BA1-AEE9C3053FD7}.Debug|Any CPU.ActiveCfg = Debug|Any CPU
		{20D66C05-EC2A-458E-9BA1-AEE9C3053FD7}.Debug|Any CPU.Build.0 = Debug|Any CPU
		{20D66C05-EC2A-458E-9BA1-AEE9C3053FD7}.Debug|x64.ActiveCfg = Debug|Any CPU
		{20D66C05-EC2A-458E-9BA1-AEE9C3053FD7}.Debug|x64.Build.0 = Debug|Any CPU
		{20D66C05-EC2A-458E-9BA1-AEE9C3053FD7}.Debug|x86.ActiveCfg = Debug|Any CPU
		{20D66C05-EC2A-458E-9BA1-AEE9C3053FD7}.Debug|x86.Build.0 = Debug|Any CPU
		{20D66C05-EC2A-458E-9BA1-AEE9C3053FD7}.Release|Any CPU.ActiveCfg = Release|Any CPU
		{20D66C05-EC2A-458E-9BA1-AEE9C3053FD7}.Release|Any CPU.Build.0 = Release|Any CPU
		{20D66C05-EC2A-458E-9BA1-AEE9C3053FD7}.Release|x64.ActiveCfg = Release|Any CPU
		{20D66C05-EC2A-458E-9BA1-AEE9C3053FD7}.Release|x64.Build.0 = Release|Any CPU
		{20D66C05-EC2A-458E-9BA1-AEE9C3053FD7}.Release|x86.ActiveCfg = Release|Any CPU
		{20D66C05-EC2A-458E-9BA1-AEE9C3053FD7}.Release|x86.Build.0 = Release|Any CPU
		{A9CCE03C-27A0-4415-9216-2594EFAB404D}.Debug|Any CPU.ActiveCfg = Debug|Any CPU
		{A9CCE03C-27A0-4415-9216-2594EFAB404D}.Debug|Any CPU.Build.0 = Debug|Any CPU
		{A9CCE03C-27A0-4415-9216-2594EFAB404D}.Debug|x64.ActiveCfg = Debug|Any CPU
		{A9CCE03C-27A0-4415-9216-2594EFAB404D}.Debug|x64.Build.0 = Debug|Any CPU
		{A9CCE03C-27A0-4415-9216-2594EFAB404D}.Debug|x86.ActiveCfg = Debug|Any CPU
		{A9CCE03C-27A0-4415-9216-2594EFAB404D}.Debug|x86.Build.0 = Debug|Any CPU
		{A9CCE03C-27A0-4415-9216-2594EFAB404D}.Release|Any CPU.ActiveCfg = Release|Any CPU
		{A9CCE03C-27A0-4415-9216-2594EFAB404D}.Release|Any CPU.Build.0 = Release|Any CPU
		{A9CCE03C-27A0-4415-9216-2594EFAB404D}.Release|x64.ActiveCfg = Release|Any CPU
		{A9CCE03C-27A0-4415-9216-2594EFAB404D}.Release|x64.Build.0 = Release|Any CPU
		{A9CCE03C-27A0-4415-9216-2594EFAB404D}.Release|x86.ActiveCfg = Release|Any CPU
		{A9CCE03C-27A0-4415-9216-2594EFAB404D}.Release|x86.Build.0 = Release|Any CPU
		{B95F68F0-1BB5-417B-AB81-3E967F218D58}.Debug|Any CPU.ActiveCfg = Debug|Any CPU
		{B95F68F0-1BB5-417B-AB81-3E967F218D58}.Debug|Any CPU.Build.0 = Debug|Any CPU
		{B95F68F0-1BB5-417B-AB81-3E967F218D58}.Debug|x64.ActiveCfg = Debug|Any CPU
		{B95F68F0-1BB5-417B-AB81-3E967F218D58}.Debug|x64.Build.0 = Debug|Any CPU
		{B95F68F0-1BB5-417B-AB81-3E967F218D58}.Debug|x86.ActiveCfg = Debug|Any CPU
		{B95F68F0-1BB5-417B-AB81-3E967F218D58}.Debug|x86.Build.0 = Debug|Any CPU
		{B95F68F0-1BB5-417B-AB81-3E967F218D58}.Release|Any CPU.ActiveCfg = Release|Any CPU
		{B95F68F0-1BB5-417B-AB81-3E967F218D58}.Release|Any CPU.Build.0 = Release|Any CPU
		{B95F68F0-1BB5-417B-AB81-3E967F218D58}.Release|x64.ActiveCfg = Release|Any CPU
		{B95F68F0-1BB5-417B-AB81-3E967F218D58}.Release|x64.Build.0 = Release|Any CPU
		{B95F68F0-1BB5-417B-AB81-3E967F218D58}.Release|x86.ActiveCfg = Release|Any CPU
		{B95F68F0-1BB5-417B-AB81-3E967F218D58}.Release|x86.Build.0 = Release|Any CPU
		{693F391A-F1F9-495A-831F-9117E51BD273}.Debug|Any CPU.ActiveCfg = Debug|Any CPU
		{693F391A-F1F9-495A-831F-9117E51BD273}.Debug|Any CPU.Build.0 = Debug|Any CPU
		{693F391A-F1F9-495A-831F-9117E51BD273}.Debug|x64.ActiveCfg = Debug|Any CPU
		{693F391A-F1F9-495A-831F-9117E51BD273}.Debug|x64.Build.0 = Debug|Any CPU
		{693F391A-F1F9-495A-831F-9117E51BD273}.Debug|x86.ActiveCfg = Debug|Any CPU
		{693F391A-F1F9-495A-831F-9117E51BD273}.Debug|x86.Build.0 = Debug|Any CPU
		{693F391A-F1F9-495A-831F-9117E51BD273}.Release|Any CPU.ActiveCfg = Release|Any CPU
		{693F391A-F1F9-495A-831F-9117E51BD273}.Release|Any CPU.Build.0 = Release|Any CPU
		{693F391A-F1F9-495A-831F-9117E51BD273}.Release|x64.ActiveCfg = Release|Any CPU
		{693F391A-F1F9-495A-831F-9117E51BD273}.Release|x64.Build.0 = Release|Any CPU
		{693F391A-F1F9-495A-831F-9117E51BD273}.Release|x86.ActiveCfg = Release|Any CPU
		{693F391A-F1F9-495A-831F-9117E51BD273}.Release|x86.Build.0 = Release|Any CPU
		{3EDA68D1-8AF6-4E15-99D2-F6AF309F6A18}.Debug|Any CPU.ActiveCfg = Debug|Any CPU
		{3EDA68D1-8AF6-4E15-99D2-F6AF309F6A18}.Debug|Any CPU.Build.0 = Debug|Any CPU
		{3EDA68D1-8AF6-4E15-99D2-F6AF309F6A18}.Debug|x64.ActiveCfg = Debug|Any CPU
		{3EDA68D1-8AF6-4E15-99D2-F6AF309F6A18}.Debug|x64.Build.0 = Debug|Any CPU
		{3EDA68D1-8AF6-4E15-99D2-F6AF309F6A18}.Debug|x86.ActiveCfg = Debug|Any CPU
		{3EDA68D1-8AF6-4E15-99D2-F6AF309F6A18}.Debug|x86.Build.0 = Debug|Any CPU
		{3EDA68D1-8AF6-4E15-99D2-F6AF309F6A18}.Release|Any CPU.ActiveCfg = Release|Any CPU
		{3EDA68D1-8AF6-4E15-99D2-F6AF309F6A18}.Release|Any CPU.Build.0 = Release|Any CPU
		{3EDA68D1-8AF6-4E15-99D2-F6AF309F6A18}.Release|x64.ActiveCfg = Release|Any CPU
		{3EDA68D1-8AF6-4E15-99D2-F6AF309F6A18}.Release|x64.Build.0 = Release|Any CPU
		{3EDA68D1-8AF6-4E15-99D2-F6AF309F6A18}.Release|x86.ActiveCfg = Release|Any CPU
		{3EDA68D1-8AF6-4E15-99D2-F6AF309F6A18}.Release|x86.Build.0 = Release|Any CPU
		{AC5F278B-91E6-4B30-A0B0-42427008FDD7}.Debug|Any CPU.ActiveCfg = Debug|Any CPU
		{AC5F278B-91E6-4B30-A0B0-42427008FDD7}.Debug|Any CPU.Build.0 = Debug|Any CPU
		{AC5F278B-91E6-4B30-A0B0-42427008FDD7}.Debug|x64.ActiveCfg = Debug|Any CPU
		{AC5F278B-91E6-4B30-A0B0-42427008FDD7}.Debug|x64.Build.0 = Debug|Any CPU
		{AC5F278B-91E6-4B30-A0B0-42427008FDD7}.Debug|x86.ActiveCfg = Debug|Any CPU
		{AC5F278B-91E6-4B30-A0B0-42427008FDD7}.Debug|x86.Build.0 = Debug|Any CPU
		{AC5F278B-91E6-4B30-A0B0-42427008FDD7}.Release|Any CPU.ActiveCfg = Release|Any CPU
		{AC5F278B-91E6-4B30-A0B0-42427008FDD7}.Release|Any CPU.Build.0 = Release|Any CPU
		{AC5F278B-91E6-4B30-A0B0-42427008FDD7}.Release|x64.ActiveCfg = Release|Any CPU
		{AC5F278B-91E6-4B30-A0B0-42427008FDD7}.Release|x64.Build.0 = Release|Any CPU
		{AC5F278B-91E6-4B30-A0B0-42427008FDD7}.Release|x86.ActiveCfg = Release|Any CPU
		{AC5F278B-91E6-4B30-A0B0-42427008FDD7}.Release|x86.Build.0 = Release|Any CPU
		{E18CDC2B-63C7-4C55-9E24-BA58784E1B68}.Debug|Any CPU.ActiveCfg = Debug|Any CPU
		{E18CDC2B-63C7-4C55-9E24-BA58784E1B68}.Debug|Any CPU.Build.0 = Debug|Any CPU
		{E18CDC2B-63C7-4C55-9E24-BA58784E1B68}.Debug|x64.ActiveCfg = Debug|Any CPU
		{E18CDC2B-63C7-4C55-9E24-BA58784E1B68}.Debug|x64.Build.0 = Debug|Any CPU
		{E18CDC2B-63C7-4C55-9E24-BA58784E1B68}.Debug|x86.ActiveCfg = Debug|Any CPU
		{E18CDC2B-63C7-4C55-9E24-BA58784E1B68}.Debug|x86.Build.0 = Debug|Any CPU
		{E18CDC2B-63C7-4C55-9E24-BA58784E1B68}.Release|Any CPU.ActiveCfg = Release|Any CPU
		{E18CDC2B-63C7-4C55-9E24-BA58784E1B68}.Release|Any CPU.Build.0 = Release|Any CPU
		{E18CDC2B-63C7-4C55-9E24-BA58784E1B68}.Release|x64.ActiveCfg = Release|Any CPU
		{E18CDC2B-63C7-4C55-9E24-BA58784E1B68}.Release|x64.Build.0 = Release|Any CPU
		{E18CDC2B-63C7-4C55-9E24-BA58784E1B68}.Release|x86.ActiveCfg = Release|Any CPU
		{E18CDC2B-63C7-4C55-9E24-BA58784E1B68}.Release|x86.Build.0 = Release|Any CPU
		{F5F2CFE1-AE07-4D6C-8A2D-AAEFD8230492}.Debug|Any CPU.ActiveCfg = Debug|Any CPU
		{F5F2CFE1-AE07-4D6C-8A2D-AAEFD8230492}.Debug|Any CPU.Build.0 = Debug|Any CPU
		{F5F2CFE1-AE07-4D6C-8A2D-AAEFD8230492}.Debug|x64.ActiveCfg = Debug|Any CPU
		{F5F2CFE1-AE07-4D6C-8A2D-AAEFD8230492}.Debug|x64.Build.0 = Debug|Any CPU
		{F5F2CFE1-AE07-4D6C-8A2D-AAEFD8230492}.Debug|x86.ActiveCfg = Debug|Any CPU
		{F5F2CFE1-AE07-4D6C-8A2D-AAEFD8230492}.Debug|x86.Build.0 = Debug|Any CPU
		{F5F2CFE1-AE07-4D6C-8A2D-AAEFD8230492}.Release|Any CPU.ActiveCfg = Release|Any CPU
		{F5F2CFE1-AE07-4D6C-8A2D-AAEFD8230492}.Release|Any CPU.Build.0 = Release|Any CPU
		{F5F2CFE1-AE07-4D6C-8A2D-AAEFD8230492}.Release|x64.ActiveCfg = Release|Any CPU
		{F5F2CFE1-AE07-4D6C-8A2D-AAEFD8230492}.Release|x64.Build.0 = Release|Any CPU
		{F5F2CFE1-AE07-4D6C-8A2D-AAEFD8230492}.Release|x86.ActiveCfg = Release|Any CPU
		{F5F2CFE1-AE07-4D6C-8A2D-AAEFD8230492}.Release|x86.Build.0 = Release|Any CPU
		{39EAA544-3E5F-4845-8A0A-D6F7D6D04E12}.Debug|Any CPU.ActiveCfg = Debug|Any CPU
		{39EAA544-3E5F-4845-8A0A-D6F7D6D04E12}.Debug|Any CPU.Build.0 = Debug|Any CPU
		{39EAA544-3E5F-4845-8A0A-D6F7D6D04E12}.Debug|x64.ActiveCfg = Debug|Any CPU
		{39EAA544-3E5F-4845-8A0A-D6F7D6D04E12}.Debug|x64.Build.0 = Debug|Any CPU
		{39EAA544-3E5F-4845-8A0A-D6F7D6D04E12}.Debug|x86.ActiveCfg = Debug|Any CPU
		{39EAA544-3E5F-4845-8A0A-D6F7D6D04E12}.Debug|x86.Build.0 = Debug|Any CPU
		{39EAA544-3E5F-4845-8A0A-D6F7D6D04E12}.Release|Any CPU.ActiveCfg = Release|Any CPU
		{39EAA544-3E5F-4845-8A0A-D6F7D6D04E12}.Release|Any CPU.Build.0 = Release|Any CPU
		{39EAA544-3E5F-4845-8A0A-D6F7D6D04E12}.Release|x64.ActiveCfg = Release|Any CPU
		{39EAA544-3E5F-4845-8A0A-D6F7D6D04E12}.Release|x64.Build.0 = Release|Any CPU
		{39EAA544-3E5F-4845-8A0A-D6F7D6D04E12}.Release|x86.ActiveCfg = Release|Any CPU
		{39EAA544-3E5F-4845-8A0A-D6F7D6D04E12}.Release|x86.Build.0 = Release|Any CPU
		{A5C9E2D0-D36B-4A5C-921C-C28496CCADDE}.Debug|Any CPU.ActiveCfg = Debug|Any CPU
		{A5C9E2D0-D36B-4A5C-921C-C28496CCADDE}.Debug|Any CPU.Build.0 = Debug|Any CPU
		{A5C9E2D0-D36B-4A5C-921C-C28496CCADDE}.Debug|x64.ActiveCfg = Debug|Any CPU
		{A5C9E2D0-D36B-4A5C-921C-C28496CCADDE}.Debug|x64.Build.0 = Debug|Any CPU
		{A5C9E2D0-D36B-4A5C-921C-C28496CCADDE}.Debug|x86.ActiveCfg = Debug|Any CPU
		{A5C9E2D0-D36B-4A5C-921C-C28496CCADDE}.Debug|x86.Build.0 = Debug|Any CPU
		{A5C9E2D0-D36B-4A5C-921C-C28496CCADDE}.Release|Any CPU.ActiveCfg = Release|Any CPU
		{A5C9E2D0-D36B-4A5C-921C-C28496CCADDE}.Release|Any CPU.Build.0 = Release|Any CPU
		{A5C9E2D0-D36B-4A5C-921C-C28496CCADDE}.Release|x64.ActiveCfg = Release|Any CPU
		{A5C9E2D0-D36B-4A5C-921C-C28496CCADDE}.Release|x64.Build.0 = Release|Any CPU
		{A5C9E2D0-D36B-4A5C-921C-C28496CCADDE}.Release|x86.ActiveCfg = Release|Any CPU
		{A5C9E2D0-D36B-4A5C-921C-C28496CCADDE}.Release|x86.Build.0 = Release|Any CPU
		{9BBDD21A-687C-414B-8557-29641379EB45}.Debug|Any CPU.ActiveCfg = Debug|Any CPU
		{9BBDD21A-687C-414B-8557-29641379EB45}.Debug|Any CPU.Build.0 = Debug|Any CPU
		{9BBDD21A-687C-414B-8557-29641379EB45}.Debug|x64.ActiveCfg = Debug|Any CPU
		{9BBDD21A-687C-414B-8557-29641379EB45}.Debug|x64.Build.0 = Debug|Any CPU
		{9BBDD21A-687C-414B-8557-29641379EB45}.Debug|x86.ActiveCfg = Debug|Any CPU
		{9BBDD21A-687C-414B-8557-29641379EB45}.Debug|x86.Build.0 = Debug|Any CPU
		{9BBDD21A-687C-414B-8557-29641379EB45}.Release|Any CPU.ActiveCfg = Release|Any CPU
		{9BBDD21A-687C-414B-8557-29641379EB45}.Release|Any CPU.Build.0 = Release|Any CPU
		{9BBDD21A-687C-414B-8557-29641379EB45}.Release|x64.ActiveCfg = Release|Any CPU
		{9BBDD21A-687C-414B-8557-29641379EB45}.Release|x64.Build.0 = Release|Any CPU
		{9BBDD21A-687C-414B-8557-29641379EB45}.Release|x86.ActiveCfg = Release|Any CPU
		{9BBDD21A-687C-414B-8557-29641379EB45}.Release|x86.Build.0 = Release|Any CPU
		{731EFF0D-D813-4F8C-A07D-1A4DD63F9120}.Debug|Any CPU.ActiveCfg = Debug|Any CPU
		{731EFF0D-D813-4F8C-A07D-1A4DD63F9120}.Debug|Any CPU.Build.0 = Debug|Any CPU
		{731EFF0D-D813-4F8C-A07D-1A4DD63F9120}.Debug|x64.ActiveCfg = Debug|Any CPU
		{731EFF0D-D813-4F8C-A07D-1A4DD63F9120}.Debug|x64.Build.0 = Debug|Any CPU
		{731EFF0D-D813-4F8C-A07D-1A4DD63F9120}.Debug|x86.ActiveCfg = Debug|Any CPU
		{731EFF0D-D813-4F8C-A07D-1A4DD63F9120}.Debug|x86.Build.0 = Debug|Any CPU
		{731EFF0D-D813-4F8C-A07D-1A4DD63F9120}.Release|Any CPU.ActiveCfg = Release|Any CPU
		{731EFF0D-D813-4F8C-A07D-1A4DD63F9120}.Release|Any CPU.Build.0 = Release|Any CPU
		{731EFF0D-D813-4F8C-A07D-1A4DD63F9120}.Release|x64.ActiveCfg = Release|Any CPU
		{731EFF0D-D813-4F8C-A07D-1A4DD63F9120}.Release|x64.Build.0 = Release|Any CPU
		{731EFF0D-D813-4F8C-A07D-1A4DD63F9120}.Release|x86.ActiveCfg = Release|Any CPU
		{731EFF0D-D813-4F8C-A07D-1A4DD63F9120}.Release|x86.Build.0 = Release|Any CPU
		{441DA0F4-07C0-4DDE-A8B7-87D479DC3595}.Debug|Any CPU.ActiveCfg = Debug|Any CPU
		{441DA0F4-07C0-4DDE-A8B7-87D479DC3595}.Debug|Any CPU.Build.0 = Debug|Any CPU
		{441DA0F4-07C0-4DDE-A8B7-87D479DC3595}.Debug|x64.ActiveCfg = Debug|Any CPU
		{441DA0F4-07C0-4DDE-A8B7-87D479DC3595}.Debug|x64.Build.0 = Debug|Any CPU
		{441DA0F4-07C0-4DDE-A8B7-87D479DC3595}.Debug|x86.ActiveCfg = Debug|Any CPU
		{441DA0F4-07C0-4DDE-A8B7-87D479DC3595}.Debug|x86.Build.0 = Debug|Any CPU
		{441DA0F4-07C0-4DDE-A8B7-87D479DC3595}.Release|Any CPU.ActiveCfg = Release|Any CPU
		{441DA0F4-07C0-4DDE-A8B7-87D479DC3595}.Release|Any CPU.Build.0 = Release|Any CPU
		{441DA0F4-07C0-4DDE-A8B7-87D479DC3595}.Release|x64.ActiveCfg = Release|Any CPU
		{441DA0F4-07C0-4DDE-A8B7-87D479DC3595}.Release|x64.Build.0 = Release|Any CPU
		{441DA0F4-07C0-4DDE-A8B7-87D479DC3595}.Release|x86.ActiveCfg = Release|Any CPU
		{441DA0F4-07C0-4DDE-A8B7-87D479DC3595}.Release|x86.Build.0 = Release|Any CPU
		{4A7C5F86-CCE6-49C1-9355-D8235D7368EE}.Debug|Any CPU.ActiveCfg = Debug|Any CPU
		{4A7C5F86-CCE6-49C1-9355-D8235D7368EE}.Debug|Any CPU.Build.0 = Debug|Any CPU
		{4A7C5F86-CCE6-49C1-9355-D8235D7368EE}.Debug|x64.ActiveCfg = Debug|Any CPU
		{4A7C5F86-CCE6-49C1-9355-D8235D7368EE}.Debug|x64.Build.0 = Debug|Any CPU
		{4A7C5F86-CCE6-49C1-9355-D8235D7368EE}.Debug|x86.ActiveCfg = Debug|Any CPU
		{4A7C5F86-CCE6-49C1-9355-D8235D7368EE}.Debug|x86.Build.0 = Debug|Any CPU
		{4A7C5F86-CCE6-49C1-9355-D8235D7368EE}.Release|Any CPU.ActiveCfg = Release|Any CPU
		{4A7C5F86-CCE6-49C1-9355-D8235D7368EE}.Release|Any CPU.Build.0 = Release|Any CPU
		{4A7C5F86-CCE6-49C1-9355-D8235D7368EE}.Release|x64.ActiveCfg = Release|Any CPU
		{4A7C5F86-CCE6-49C1-9355-D8235D7368EE}.Release|x64.Build.0 = Release|Any CPU
		{4A7C5F86-CCE6-49C1-9355-D8235D7368EE}.Release|x86.ActiveCfg = Release|Any CPU
		{4A7C5F86-CCE6-49C1-9355-D8235D7368EE}.Release|x86.Build.0 = Release|Any CPU
		{3F42885A-AC8D-4A70-A4EA-B3EE00DB046D}.Debug|Any CPU.ActiveCfg = Debug|Any CPU
		{3F42885A-AC8D-4A70-A4EA-B3EE00DB046D}.Debug|Any CPU.Build.0 = Debug|Any CPU
		{3F42885A-AC8D-4A70-A4EA-B3EE00DB046D}.Debug|x64.ActiveCfg = Debug|Any CPU
		{3F42885A-AC8D-4A70-A4EA-B3EE00DB046D}.Debug|x64.Build.0 = Debug|Any CPU
		{3F42885A-AC8D-4A70-A4EA-B3EE00DB046D}.Debug|x86.ActiveCfg = Debug|Any CPU
		{3F42885A-AC8D-4A70-A4EA-B3EE00DB046D}.Debug|x86.Build.0 = Debug|Any CPU
		{3F42885A-AC8D-4A70-A4EA-B3EE00DB046D}.Release|Any CPU.ActiveCfg = Release|Any CPU
		{3F42885A-AC8D-4A70-A4EA-B3EE00DB046D}.Release|Any CPU.Build.0 = Release|Any CPU
		{3F42885A-AC8D-4A70-A4EA-B3EE00DB046D}.Release|x64.ActiveCfg = Release|Any CPU
		{3F42885A-AC8D-4A70-A4EA-B3EE00DB046D}.Release|x64.Build.0 = Release|Any CPU
		{3F42885A-AC8D-4A70-A4EA-B3EE00DB046D}.Release|x86.ActiveCfg = Release|Any CPU
		{3F42885A-AC8D-4A70-A4EA-B3EE00DB046D}.Release|x86.Build.0 = Release|Any CPU
		{5ACDB632-AB49-44F6-B775-A8CDF6FD477B}.Debug|Any CPU.ActiveCfg = Debug|Any CPU
		{5ACDB632-AB49-44F6-B775-A8CDF6FD477B}.Debug|Any CPU.Build.0 = Debug|Any CPU
		{5ACDB632-AB49-44F6-B775-A8CDF6FD477B}.Debug|x64.ActiveCfg = Debug|Any CPU
		{5ACDB632-AB49-44F6-B775-A8CDF6FD477B}.Debug|x64.Build.0 = Debug|Any CPU
		{5ACDB632-AB49-44F6-B775-A8CDF6FD477B}.Debug|x86.ActiveCfg = Debug|Any CPU
		{5ACDB632-AB49-44F6-B775-A8CDF6FD477B}.Debug|x86.Build.0 = Debug|Any CPU
		{5ACDB632-AB49-44F6-B775-A8CDF6FD477B}.Release|Any CPU.ActiveCfg = Release|Any CPU
		{5ACDB632-AB49-44F6-B775-A8CDF6FD477B}.Release|Any CPU.Build.0 = Release|Any CPU
		{5ACDB632-AB49-44F6-B775-A8CDF6FD477B}.Release|x64.ActiveCfg = Release|Any CPU
		{5ACDB632-AB49-44F6-B775-A8CDF6FD477B}.Release|x64.Build.0 = Release|Any CPU
		{5ACDB632-AB49-44F6-B775-A8CDF6FD477B}.Release|x86.ActiveCfg = Release|Any CPU
		{5ACDB632-AB49-44F6-B775-A8CDF6FD477B}.Release|x86.Build.0 = Release|Any CPU
		{6CDA86A4-B20F-42E2-AF74-A4E1FDD81BEB}.Debug|Any CPU.ActiveCfg = Debug|Any CPU
		{6CDA86A4-B20F-42E2-AF74-A4E1FDD81BEB}.Debug|Any CPU.Build.0 = Debug|Any CPU
		{6CDA86A4-B20F-42E2-AF74-A4E1FDD81BEB}.Debug|x64.ActiveCfg = Debug|Any CPU
		{6CDA86A4-B20F-42E2-AF74-A4E1FDD81BEB}.Debug|x64.Build.0 = Debug|Any CPU
		{6CDA86A4-B20F-42E2-AF74-A4E1FDD81BEB}.Debug|x86.ActiveCfg = Debug|Any CPU
		{6CDA86A4-B20F-42E2-AF74-A4E1FDD81BEB}.Debug|x86.Build.0 = Debug|Any CPU
		{6CDA86A4-B20F-42E2-AF74-A4E1FDD81BEB}.Release|Any CPU.ActiveCfg = Release|Any CPU
		{6CDA86A4-B20F-42E2-AF74-A4E1FDD81BEB}.Release|Any CPU.Build.0 = Release|Any CPU
		{6CDA86A4-B20F-42E2-AF74-A4E1FDD81BEB}.Release|x64.ActiveCfg = Release|Any CPU
		{6CDA86A4-B20F-42E2-AF74-A4E1FDD81BEB}.Release|x64.Build.0 = Release|Any CPU
		{6CDA86A4-B20F-42E2-AF74-A4E1FDD81BEB}.Release|x86.ActiveCfg = Release|Any CPU
		{6CDA86A4-B20F-42E2-AF74-A4E1FDD81BEB}.Release|x86.Build.0 = Release|Any CPU
		{EE703490-0395-4140-8851-D990EBB22102}.Debug|Any CPU.ActiveCfg = Debug|Any CPU
		{EE703490-0395-4140-8851-D990EBB22102}.Debug|Any CPU.Build.0 = Debug|Any CPU
		{EE703490-0395-4140-8851-D990EBB22102}.Debug|x64.ActiveCfg = Debug|Any CPU
		{EE703490-0395-4140-8851-D990EBB22102}.Debug|x64.Build.0 = Debug|Any CPU
		{EE703490-0395-4140-8851-D990EBB22102}.Debug|x86.ActiveCfg = Debug|Any CPU
		{EE703490-0395-4140-8851-D990EBB22102}.Debug|x86.Build.0 = Debug|Any CPU
		{EE703490-0395-4140-8851-D990EBB22102}.Release|Any CPU.ActiveCfg = Release|Any CPU
		{EE703490-0395-4140-8851-D990EBB22102}.Release|Any CPU.Build.0 = Release|Any CPU
		{EE703490-0395-4140-8851-D990EBB22102}.Release|x64.ActiveCfg = Release|Any CPU
		{EE703490-0395-4140-8851-D990EBB22102}.Release|x64.Build.0 = Release|Any CPU
		{EE703490-0395-4140-8851-D990EBB22102}.Release|x86.ActiveCfg = Release|Any CPU
		{EE703490-0395-4140-8851-D990EBB22102}.Release|x86.Build.0 = Release|Any CPU
		{693F2BD5-2A50-45E3-AF32-0C140AFCAB09}.Debug|Any CPU.ActiveCfg = Debug|Any CPU
		{693F2BD5-2A50-45E3-AF32-0C140AFCAB09}.Debug|Any CPU.Build.0 = Debug|Any CPU
		{693F2BD5-2A50-45E3-AF32-0C140AFCAB09}.Debug|x64.ActiveCfg = Debug|Any CPU
		{693F2BD5-2A50-45E3-AF32-0C140AFCAB09}.Debug|x64.Build.0 = Debug|Any CPU
		{693F2BD5-2A50-45E3-AF32-0C140AFCAB09}.Debug|x86.ActiveCfg = Debug|Any CPU
		{693F2BD5-2A50-45E3-AF32-0C140AFCAB09}.Debug|x86.Build.0 = Debug|Any CPU
		{693F2BD5-2A50-45E3-AF32-0C140AFCAB09}.Release|Any CPU.ActiveCfg = Release|Any CPU
		{693F2BD5-2A50-45E3-AF32-0C140AFCAB09}.Release|Any CPU.Build.0 = Release|Any CPU
		{693F2BD5-2A50-45E3-AF32-0C140AFCAB09}.Release|x64.ActiveCfg = Release|Any CPU
		{693F2BD5-2A50-45E3-AF32-0C140AFCAB09}.Release|x64.Build.0 = Release|Any CPU
		{693F2BD5-2A50-45E3-AF32-0C140AFCAB09}.Release|x86.ActiveCfg = Release|Any CPU
		{693F2BD5-2A50-45E3-AF32-0C140AFCAB09}.Release|x86.Build.0 = Release|Any CPU
		{937492EE-28AE-4DE6-96DD-062B61197B62}.Debug|Any CPU.ActiveCfg = Debug|Any CPU
		{937492EE-28AE-4DE6-96DD-062B61197B62}.Debug|Any CPU.Build.0 = Debug|Any CPU
		{937492EE-28AE-4DE6-96DD-062B61197B62}.Debug|x64.ActiveCfg = Debug|Any CPU
		{937492EE-28AE-4DE6-96DD-062B61197B62}.Debug|x64.Build.0 = Debug|Any CPU
		{937492EE-28AE-4DE6-96DD-062B61197B62}.Debug|x86.ActiveCfg = Debug|Any CPU
		{937492EE-28AE-4DE6-96DD-062B61197B62}.Debug|x86.Build.0 = Debug|Any CPU
		{937492EE-28AE-4DE6-96DD-062B61197B62}.Release|Any CPU.ActiveCfg = Release|Any CPU
		{937492EE-28AE-4DE6-96DD-062B61197B62}.Release|Any CPU.Build.0 = Release|Any CPU
		{937492EE-28AE-4DE6-96DD-062B61197B62}.Release|x64.ActiveCfg = Release|Any CPU
		{937492EE-28AE-4DE6-96DD-062B61197B62}.Release|x64.Build.0 = Release|Any CPU
		{937492EE-28AE-4DE6-96DD-062B61197B62}.Release|x86.ActiveCfg = Release|Any CPU
		{937492EE-28AE-4DE6-96DD-062B61197B62}.Release|x86.Build.0 = Release|Any CPU
		{217215B7-AE49-42B4-9483-37B9C38F1B99}.Debug|Any CPU.ActiveCfg = Debug|Any CPU
		{217215B7-AE49-42B4-9483-37B9C38F1B99}.Debug|Any CPU.Build.0 = Debug|Any CPU
		{217215B7-AE49-42B4-9483-37B9C38F1B99}.Debug|x64.ActiveCfg = Debug|Any CPU
		{217215B7-AE49-42B4-9483-37B9C38F1B99}.Debug|x64.Build.0 = Debug|Any CPU
		{217215B7-AE49-42B4-9483-37B9C38F1B99}.Debug|x86.ActiveCfg = Debug|Any CPU
		{217215B7-AE49-42B4-9483-37B9C38F1B99}.Debug|x86.Build.0 = Debug|Any CPU
		{217215B7-AE49-42B4-9483-37B9C38F1B99}.Release|Any CPU.ActiveCfg = Release|Any CPU
		{217215B7-AE49-42B4-9483-37B9C38F1B99}.Release|Any CPU.Build.0 = Release|Any CPU
		{217215B7-AE49-42B4-9483-37B9C38F1B99}.Release|x64.ActiveCfg = Release|Any CPU
		{217215B7-AE49-42B4-9483-37B9C38F1B99}.Release|x64.Build.0 = Release|Any CPU
		{217215B7-AE49-42B4-9483-37B9C38F1B99}.Release|x86.ActiveCfg = Release|Any CPU
		{217215B7-AE49-42B4-9483-37B9C38F1B99}.Release|x86.Build.0 = Release|Any CPU
		{35E929FA-54A1-4418-8731-0C3F33C08260}.Debug|Any CPU.ActiveCfg = Debug|Any CPU
		{35E929FA-54A1-4418-8731-0C3F33C08260}.Debug|Any CPU.Build.0 = Debug|Any CPU
		{35E929FA-54A1-4418-8731-0C3F33C08260}.Debug|x64.ActiveCfg = Debug|Any CPU
		{35E929FA-54A1-4418-8731-0C3F33C08260}.Debug|x64.Build.0 = Debug|Any CPU
		{35E929FA-54A1-4418-8731-0C3F33C08260}.Debug|x86.ActiveCfg = Debug|Any CPU
		{35E929FA-54A1-4418-8731-0C3F33C08260}.Debug|x86.Build.0 = Debug|Any CPU
		{35E929FA-54A1-4418-8731-0C3F33C08260}.Release|Any CPU.ActiveCfg = Release|Any CPU
		{35E929FA-54A1-4418-8731-0C3F33C08260}.Release|Any CPU.Build.0 = Release|Any CPU
		{35E929FA-54A1-4418-8731-0C3F33C08260}.Release|x64.ActiveCfg = Release|Any CPU
		{35E929FA-54A1-4418-8731-0C3F33C08260}.Release|x64.Build.0 = Release|Any CPU
		{35E929FA-54A1-4418-8731-0C3F33C08260}.Release|x86.ActiveCfg = Release|Any CPU
		{35E929FA-54A1-4418-8731-0C3F33C08260}.Release|x86.Build.0 = Release|Any CPU
		{87ABE27F-C233-428F-90AD-479DB361967A}.Debug|Any CPU.ActiveCfg = Debug|Any CPU
		{87ABE27F-C233-428F-90AD-479DB361967A}.Debug|Any CPU.Build.0 = Debug|Any CPU
		{87ABE27F-C233-428F-90AD-479DB361967A}.Debug|x64.ActiveCfg = Debug|Any CPU
		{87ABE27F-C233-428F-90AD-479DB361967A}.Debug|x64.Build.0 = Debug|Any CPU
		{87ABE27F-C233-428F-90AD-479DB361967A}.Debug|x86.ActiveCfg = Debug|Any CPU
		{87ABE27F-C233-428F-90AD-479DB361967A}.Debug|x86.Build.0 = Debug|Any CPU
		{87ABE27F-C233-428F-90AD-479DB361967A}.Release|Any CPU.ActiveCfg = Release|Any CPU
		{87ABE27F-C233-428F-90AD-479DB361967A}.Release|Any CPU.Build.0 = Release|Any CPU
		{87ABE27F-C233-428F-90AD-479DB361967A}.Release|x64.ActiveCfg = Release|Any CPU
		{87ABE27F-C233-428F-90AD-479DB361967A}.Release|x64.Build.0 = Release|Any CPU
		{87ABE27F-C233-428F-90AD-479DB361967A}.Release|x86.ActiveCfg = Release|Any CPU
		{87ABE27F-C233-428F-90AD-479DB361967A}.Release|x86.Build.0 = Release|Any CPU
		{1111B2BE-82C2-45D3-B229-577D8B1CD763}.Debug|Any CPU.ActiveCfg = Debug|Any CPU
		{1111B2BE-82C2-45D3-B229-577D8B1CD763}.Debug|Any CPU.Build.0 = Debug|Any CPU
		{1111B2BE-82C2-45D3-B229-577D8B1CD763}.Debug|x64.ActiveCfg = Debug|Any CPU
		{1111B2BE-82C2-45D3-B229-577D8B1CD763}.Debug|x64.Build.0 = Debug|Any CPU
		{1111B2BE-82C2-45D3-B229-577D8B1CD763}.Debug|x86.ActiveCfg = Debug|Any CPU
		{1111B2BE-82C2-45D3-B229-577D8B1CD763}.Debug|x86.Build.0 = Debug|Any CPU
		{1111B2BE-82C2-45D3-B229-577D8B1CD763}.Release|Any CPU.ActiveCfg = Release|Any CPU
		{1111B2BE-82C2-45D3-B229-577D8B1CD763}.Release|Any CPU.Build.0 = Release|Any CPU
		{1111B2BE-82C2-45D3-B229-577D8B1CD763}.Release|x64.ActiveCfg = Release|Any CPU
		{1111B2BE-82C2-45D3-B229-577D8B1CD763}.Release|x64.Build.0 = Release|Any CPU
		{1111B2BE-82C2-45D3-B229-577D8B1CD763}.Release|x86.ActiveCfg = Release|Any CPU
		{1111B2BE-82C2-45D3-B229-577D8B1CD763}.Release|x86.Build.0 = Release|Any CPU
		{2185AF5E-BCCD-47E6-8342-F2CA4297A46E}.Debug|Any CPU.ActiveCfg = Debug|Any CPU
		{2185AF5E-BCCD-47E6-8342-F2CA4297A46E}.Debug|Any CPU.Build.0 = Debug|Any CPU
		{2185AF5E-BCCD-47E6-8342-F2CA4297A46E}.Debug|x64.ActiveCfg = Debug|Any CPU
		{2185AF5E-BCCD-47E6-8342-F2CA4297A46E}.Debug|x64.Build.0 = Debug|Any CPU
		{2185AF5E-BCCD-47E6-8342-F2CA4297A46E}.Debug|x86.ActiveCfg = Debug|Any CPU
		{2185AF5E-BCCD-47E6-8342-F2CA4297A46E}.Debug|x86.Build.0 = Debug|Any CPU
		{2185AF5E-BCCD-47E6-8342-F2CA4297A46E}.Release|Any CPU.ActiveCfg = Release|Any CPU
		{2185AF5E-BCCD-47E6-8342-F2CA4297A46E}.Release|Any CPU.Build.0 = Release|Any CPU
		{2185AF5E-BCCD-47E6-8342-F2CA4297A46E}.Release|x64.ActiveCfg = Release|Any CPU
		{2185AF5E-BCCD-47E6-8342-F2CA4297A46E}.Release|x64.Build.0 = Release|Any CPU
		{2185AF5E-BCCD-47E6-8342-F2CA4297A46E}.Release|x86.ActiveCfg = Release|Any CPU
		{2185AF5E-BCCD-47E6-8342-F2CA4297A46E}.Release|x86.Build.0 = Release|Any CPU
		{F4C77DCE-CC2C-4932-BEA1-6B6E699CA55B}.Debug|Any CPU.ActiveCfg = Debug|Any CPU
		{F4C77DCE-CC2C-4932-BEA1-6B6E699CA55B}.Debug|Any CPU.Build.0 = Debug|Any CPU
		{F4C77DCE-CC2C-4932-BEA1-6B6E699CA55B}.Debug|x64.ActiveCfg = Debug|Any CPU
		{F4C77DCE-CC2C-4932-BEA1-6B6E699CA55B}.Debug|x64.Build.0 = Debug|Any CPU
		{F4C77DCE-CC2C-4932-BEA1-6B6E699CA55B}.Debug|x86.ActiveCfg = Debug|Any CPU
		{F4C77DCE-CC2C-4932-BEA1-6B6E699CA55B}.Debug|x86.Build.0 = Debug|Any CPU
		{F4C77DCE-CC2C-4932-BEA1-6B6E699CA55B}.Release|Any CPU.ActiveCfg = Release|Any CPU
		{F4C77DCE-CC2C-4932-BEA1-6B6E699CA55B}.Release|Any CPU.Build.0 = Release|Any CPU
		{F4C77DCE-CC2C-4932-BEA1-6B6E699CA55B}.Release|x64.ActiveCfg = Release|Any CPU
		{F4C77DCE-CC2C-4932-BEA1-6B6E699CA55B}.Release|x64.Build.0 = Release|Any CPU
		{F4C77DCE-CC2C-4932-BEA1-6B6E699CA55B}.Release|x86.ActiveCfg = Release|Any CPU
		{F4C77DCE-CC2C-4932-BEA1-6B6E699CA55B}.Release|x86.Build.0 = Release|Any CPU
		{334EE930-C124-4CFF-BAB7-D90FA6AB3873}.Debug|Any CPU.ActiveCfg = Debug|Any CPU
		{334EE930-C124-4CFF-BAB7-D90FA6AB3873}.Debug|Any CPU.Build.0 = Debug|Any CPU
		{334EE930-C124-4CFF-BAB7-D90FA6AB3873}.Debug|x64.ActiveCfg = Debug|Any CPU
		{334EE930-C124-4CFF-BAB7-D90FA6AB3873}.Debug|x64.Build.0 = Debug|Any CPU
		{334EE930-C124-4CFF-BAB7-D90FA6AB3873}.Debug|x86.ActiveCfg = Debug|Any CPU
		{334EE930-C124-4CFF-BAB7-D90FA6AB3873}.Debug|x86.Build.0 = Debug|Any CPU
		{334EE930-C124-4CFF-BAB7-D90FA6AB3873}.Release|Any CPU.ActiveCfg = Release|Any CPU
		{334EE930-C124-4CFF-BAB7-D90FA6AB3873}.Release|Any CPU.Build.0 = Release|Any CPU
		{334EE930-C124-4CFF-BAB7-D90FA6AB3873}.Release|x64.ActiveCfg = Release|Any CPU
		{334EE930-C124-4CFF-BAB7-D90FA6AB3873}.Release|x64.Build.0 = Release|Any CPU
		{334EE930-C124-4CFF-BAB7-D90FA6AB3873}.Release|x86.ActiveCfg = Release|Any CPU
		{334EE930-C124-4CFF-BAB7-D90FA6AB3873}.Release|x86.Build.0 = Release|Any CPU
		{165E0DA4-D9A8-4713-8E3A-D04725E1A3DC}.Debug|Any CPU.ActiveCfg = Debug|Any CPU
		{165E0DA4-D9A8-4713-8E3A-D04725E1A3DC}.Debug|Any CPU.Build.0 = Debug|Any CPU
		{165E0DA4-D9A8-4713-8E3A-D04725E1A3DC}.Debug|x64.ActiveCfg = Debug|Any CPU
		{165E0DA4-D9A8-4713-8E3A-D04725E1A3DC}.Debug|x64.Build.0 = Debug|Any CPU
		{165E0DA4-D9A8-4713-8E3A-D04725E1A3DC}.Debug|x86.ActiveCfg = Debug|Any CPU
		{165E0DA4-D9A8-4713-8E3A-D04725E1A3DC}.Debug|x86.Build.0 = Debug|Any CPU
		{165E0DA4-D9A8-4713-8E3A-D04725E1A3DC}.Release|Any CPU.ActiveCfg = Release|Any CPU
		{165E0DA4-D9A8-4713-8E3A-D04725E1A3DC}.Release|Any CPU.Build.0 = Release|Any CPU
		{165E0DA4-D9A8-4713-8E3A-D04725E1A3DC}.Release|x64.ActiveCfg = Release|Any CPU
		{165E0DA4-D9A8-4713-8E3A-D04725E1A3DC}.Release|x64.Build.0 = Release|Any CPU
		{165E0DA4-D9A8-4713-8E3A-D04725E1A3DC}.Release|x86.ActiveCfg = Release|Any CPU
		{165E0DA4-D9A8-4713-8E3A-D04725E1A3DC}.Release|x86.Build.0 = Release|Any CPU
		{264B02F5-88E4-48CF-B056-6FF22EFDFC0C}.Debug|Any CPU.ActiveCfg = Debug|Any CPU
		{264B02F5-88E4-48CF-B056-6FF22EFDFC0C}.Debug|Any CPU.Build.0 = Debug|Any CPU
		{264B02F5-88E4-48CF-B056-6FF22EFDFC0C}.Debug|x64.ActiveCfg = Debug|Any CPU
		{264B02F5-88E4-48CF-B056-6FF22EFDFC0C}.Debug|x64.Build.0 = Debug|Any CPU
		{264B02F5-88E4-48CF-B056-6FF22EFDFC0C}.Debug|x86.ActiveCfg = Debug|Any CPU
		{264B02F5-88E4-48CF-B056-6FF22EFDFC0C}.Debug|x86.Build.0 = Debug|Any CPU
		{264B02F5-88E4-48CF-B056-6FF22EFDFC0C}.Release|Any CPU.ActiveCfg = Release|Any CPU
		{264B02F5-88E4-48CF-B056-6FF22EFDFC0C}.Release|Any CPU.Build.0 = Release|Any CPU
		{264B02F5-88E4-48CF-B056-6FF22EFDFC0C}.Release|x64.ActiveCfg = Release|Any CPU
		{264B02F5-88E4-48CF-B056-6FF22EFDFC0C}.Release|x64.Build.0 = Release|Any CPU
		{264B02F5-88E4-48CF-B056-6FF22EFDFC0C}.Release|x86.ActiveCfg = Release|Any CPU
		{264B02F5-88E4-48CF-B056-6FF22EFDFC0C}.Release|x86.Build.0 = Release|Any CPU
		{79F4CD4A-7BCB-4C58-8A32-A5D340B930C7}.Debug|Any CPU.ActiveCfg = Debug|Any CPU
		{79F4CD4A-7BCB-4C58-8A32-A5D340B930C7}.Debug|Any CPU.Build.0 = Debug|Any CPU
		{79F4CD4A-7BCB-4C58-8A32-A5D340B930C7}.Debug|x64.ActiveCfg = Debug|Any CPU
		{79F4CD4A-7BCB-4C58-8A32-A5D340B930C7}.Debug|x64.Build.0 = Debug|Any CPU
		{79F4CD4A-7BCB-4C58-8A32-A5D340B930C7}.Debug|x86.ActiveCfg = Debug|Any CPU
		{79F4CD4A-7BCB-4C58-8A32-A5D340B930C7}.Debug|x86.Build.0 = Debug|Any CPU
		{79F4CD4A-7BCB-4C58-8A32-A5D340B930C7}.Release|Any CPU.ActiveCfg = Release|Any CPU
		{79F4CD4A-7BCB-4C58-8A32-A5D340B930C7}.Release|Any CPU.Build.0 = Release|Any CPU
		{79F4CD4A-7BCB-4C58-8A32-A5D340B930C7}.Release|x64.ActiveCfg = Release|Any CPU
		{79F4CD4A-7BCB-4C58-8A32-A5D340B930C7}.Release|x64.Build.0 = Release|Any CPU
		{79F4CD4A-7BCB-4C58-8A32-A5D340B930C7}.Release|x86.ActiveCfg = Release|Any CPU
		{79F4CD4A-7BCB-4C58-8A32-A5D340B930C7}.Release|x86.Build.0 = Release|Any CPU
		{FFEE6FD9-A1AC-4845-82CC-96B712BD535F}.Debug|Any CPU.ActiveCfg = Debug|Any CPU
		{FFEE6FD9-A1AC-4845-82CC-96B712BD535F}.Debug|Any CPU.Build.0 = Debug|Any CPU
		{FFEE6FD9-A1AC-4845-82CC-96B712BD535F}.Debug|x64.ActiveCfg = Debug|Any CPU
		{FFEE6FD9-A1AC-4845-82CC-96B712BD535F}.Debug|x64.Build.0 = Debug|Any CPU
		{FFEE6FD9-A1AC-4845-82CC-96B712BD535F}.Debug|x86.ActiveCfg = Debug|Any CPU
		{FFEE6FD9-A1AC-4845-82CC-96B712BD535F}.Debug|x86.Build.0 = Debug|Any CPU
		{FFEE6FD9-A1AC-4845-82CC-96B712BD535F}.Release|Any CPU.ActiveCfg = Release|Any CPU
		{FFEE6FD9-A1AC-4845-82CC-96B712BD535F}.Release|Any CPU.Build.0 = Release|Any CPU
		{FFEE6FD9-A1AC-4845-82CC-96B712BD535F}.Release|x64.ActiveCfg = Release|Any CPU
		{FFEE6FD9-A1AC-4845-82CC-96B712BD535F}.Release|x64.Build.0 = Release|Any CPU
		{FFEE6FD9-A1AC-4845-82CC-96B712BD535F}.Release|x86.ActiveCfg = Release|Any CPU
		{FFEE6FD9-A1AC-4845-82CC-96B712BD535F}.Release|x86.Build.0 = Release|Any CPU
		{7FB60A82-E632-4DED-8A31-272A74149209}.Debug|Any CPU.ActiveCfg = Debug|Any CPU
		{7FB60A82-E632-4DED-8A31-272A74149209}.Debug|Any CPU.Build.0 = Debug|Any CPU
		{7FB60A82-E632-4DED-8A31-272A74149209}.Debug|x64.ActiveCfg = Debug|Any CPU
		{7FB60A82-E632-4DED-8A31-272A74149209}.Debug|x64.Build.0 = Debug|Any CPU
		{7FB60A82-E632-4DED-8A31-272A74149209}.Debug|x86.ActiveCfg = Debug|Any CPU
		{7FB60A82-E632-4DED-8A31-272A74149209}.Debug|x86.Build.0 = Debug|Any CPU
		{7FB60A82-E632-4DED-8A31-272A74149209}.Release|Any CPU.ActiveCfg = Release|Any CPU
		{7FB60A82-E632-4DED-8A31-272A74149209}.Release|Any CPU.Build.0 = Release|Any CPU
		{7FB60A82-E632-4DED-8A31-272A74149209}.Release|x64.ActiveCfg = Release|Any CPU
		{7FB60A82-E632-4DED-8A31-272A74149209}.Release|x64.Build.0 = Release|Any CPU
		{7FB60A82-E632-4DED-8A31-272A74149209}.Release|x86.ActiveCfg = Release|Any CPU
		{7FB60A82-E632-4DED-8A31-272A74149209}.Release|x86.Build.0 = Release|Any CPU
		{EC181FEB-54B5-47E2-8C5C-1FAB743EDCBA}.Debug|Any CPU.ActiveCfg = Debug|Any CPU
		{EC181FEB-54B5-47E2-8C5C-1FAB743EDCBA}.Debug|Any CPU.Build.0 = Debug|Any CPU
		{EC181FEB-54B5-47E2-8C5C-1FAB743EDCBA}.Debug|x64.ActiveCfg = Debug|Any CPU
		{EC181FEB-54B5-47E2-8C5C-1FAB743EDCBA}.Debug|x64.Build.0 = Debug|Any CPU
		{EC181FEB-54B5-47E2-8C5C-1FAB743EDCBA}.Debug|x86.ActiveCfg = Debug|Any CPU
		{EC181FEB-54B5-47E2-8C5C-1FAB743EDCBA}.Debug|x86.Build.0 = Debug|Any CPU
		{EC181FEB-54B5-47E2-8C5C-1FAB743EDCBA}.Release|Any CPU.ActiveCfg = Release|Any CPU
		{EC181FEB-54B5-47E2-8C5C-1FAB743EDCBA}.Release|Any CPU.Build.0 = Release|Any CPU
		{EC181FEB-54B5-47E2-8C5C-1FAB743EDCBA}.Release|x64.ActiveCfg = Release|Any CPU
		{EC181FEB-54B5-47E2-8C5C-1FAB743EDCBA}.Release|x64.Build.0 = Release|Any CPU
		{EC181FEB-54B5-47E2-8C5C-1FAB743EDCBA}.Release|x86.ActiveCfg = Release|Any CPU
		{EC181FEB-54B5-47E2-8C5C-1FAB743EDCBA}.Release|x86.Build.0 = Release|Any CPU
		{E85797C7-40D2-4870-A44D-A240F56A0BC8}.Debug|Any CPU.ActiveCfg = Debug|Any CPU
		{E85797C7-40D2-4870-A44D-A240F56A0BC8}.Debug|Any CPU.Build.0 = Debug|Any CPU
		{E85797C7-40D2-4870-A44D-A240F56A0BC8}.Debug|x64.ActiveCfg = Debug|Any CPU
		{E85797C7-40D2-4870-A44D-A240F56A0BC8}.Debug|x64.Build.0 = Debug|Any CPU
		{E85797C7-40D2-4870-A44D-A240F56A0BC8}.Debug|x86.ActiveCfg = Debug|Any CPU
		{E85797C7-40D2-4870-A44D-A240F56A0BC8}.Debug|x86.Build.0 = Debug|Any CPU
		{E85797C7-40D2-4870-A44D-A240F56A0BC8}.Release|Any CPU.ActiveCfg = Release|Any CPU
		{E85797C7-40D2-4870-A44D-A240F56A0BC8}.Release|Any CPU.Build.0 = Release|Any CPU
		{E85797C7-40D2-4870-A44D-A240F56A0BC8}.Release|x64.ActiveCfg = Release|Any CPU
		{E85797C7-40D2-4870-A44D-A240F56A0BC8}.Release|x64.Build.0 = Release|Any CPU
		{E85797C7-40D2-4870-A44D-A240F56A0BC8}.Release|x86.ActiveCfg = Release|Any CPU
		{E85797C7-40D2-4870-A44D-A240F56A0BC8}.Release|x86.Build.0 = Release|Any CPU
		{2C606C85-176A-4D09-9ACD-D0D480AA6CD8}.Debug|Any CPU.ActiveCfg = Debug|Any CPU
		{2C606C85-176A-4D09-9ACD-D0D480AA6CD8}.Debug|Any CPU.Build.0 = Debug|Any CPU
		{2C606C85-176A-4D09-9ACD-D0D480AA6CD8}.Debug|x64.ActiveCfg = Debug|Any CPU
		{2C606C85-176A-4D09-9ACD-D0D480AA6CD8}.Debug|x64.Build.0 = Debug|Any CPU
		{2C606C85-176A-4D09-9ACD-D0D480AA6CD8}.Debug|x86.ActiveCfg = Debug|Any CPU
		{2C606C85-176A-4D09-9ACD-D0D480AA6CD8}.Debug|x86.Build.0 = Debug|Any CPU
		{2C606C85-176A-4D09-9ACD-D0D480AA6CD8}.Release|Any CPU.ActiveCfg = Release|Any CPU
		{2C606C85-176A-4D09-9ACD-D0D480AA6CD8}.Release|Any CPU.Build.0 = Release|Any CPU
		{2C606C85-176A-4D09-9ACD-D0D480AA6CD8}.Release|x64.ActiveCfg = Release|Any CPU
		{2C606C85-176A-4D09-9ACD-D0D480AA6CD8}.Release|x64.Build.0 = Release|Any CPU
		{2C606C85-176A-4D09-9ACD-D0D480AA6CD8}.Release|x86.ActiveCfg = Release|Any CPU
		{2C606C85-176A-4D09-9ACD-D0D480AA6CD8}.Release|x86.Build.0 = Release|Any CPU
		{1250A890-4857-46BA-85C6-1665D0458447}.Debug|Any CPU.ActiveCfg = Debug|Any CPU
		{1250A890-4857-46BA-85C6-1665D0458447}.Debug|Any CPU.Build.0 = Debug|Any CPU
		{1250A890-4857-46BA-85C6-1665D0458447}.Debug|x64.ActiveCfg = Debug|Any CPU
		{1250A890-4857-46BA-85C6-1665D0458447}.Debug|x64.Build.0 = Debug|Any CPU
		{1250A890-4857-46BA-85C6-1665D0458447}.Debug|x86.ActiveCfg = Debug|Any CPU
		{1250A890-4857-46BA-85C6-1665D0458447}.Debug|x86.Build.0 = Debug|Any CPU
		{1250A890-4857-46BA-85C6-1665D0458447}.Release|Any CPU.ActiveCfg = Release|Any CPU
		{1250A890-4857-46BA-85C6-1665D0458447}.Release|Any CPU.Build.0 = Release|Any CPU
		{1250A890-4857-46BA-85C6-1665D0458447}.Release|x64.ActiveCfg = Release|Any CPU
		{1250A890-4857-46BA-85C6-1665D0458447}.Release|x64.Build.0 = Release|Any CPU
		{1250A890-4857-46BA-85C6-1665D0458447}.Release|x86.ActiveCfg = Release|Any CPU
		{1250A890-4857-46BA-85C6-1665D0458447}.Release|x86.Build.0 = Release|Any CPU
		{1F76B295-6EC6-474D-82E0-776A91D4890A}.Debug|Any CPU.ActiveCfg = Debug|Any CPU
		{1F76B295-6EC6-474D-82E0-776A91D4890A}.Debug|Any CPU.Build.0 = Debug|Any CPU
		{1F76B295-6EC6-474D-82E0-776A91D4890A}.Debug|x64.ActiveCfg = Debug|Any CPU
		{1F76B295-6EC6-474D-82E0-776A91D4890A}.Debug|x64.Build.0 = Debug|Any CPU
		{1F76B295-6EC6-474D-82E0-776A91D4890A}.Debug|x86.ActiveCfg = Debug|Any CPU
		{1F76B295-6EC6-474D-82E0-776A91D4890A}.Debug|x86.Build.0 = Debug|Any CPU
		{1F76B295-6EC6-474D-82E0-776A91D4890A}.Release|Any CPU.ActiveCfg = Release|Any CPU
		{1F76B295-6EC6-474D-82E0-776A91D4890A}.Release|Any CPU.Build.0 = Release|Any CPU
		{1F76B295-6EC6-474D-82E0-776A91D4890A}.Release|x64.ActiveCfg = Release|Any CPU
		{1F76B295-6EC6-474D-82E0-776A91D4890A}.Release|x64.Build.0 = Release|Any CPU
		{1F76B295-6EC6-474D-82E0-776A91D4890A}.Release|x86.ActiveCfg = Release|Any CPU
		{1F76B295-6EC6-474D-82E0-776A91D4890A}.Release|x86.Build.0 = Release|Any CPU
		{AA1C079F-B150-4B33-A241-01F6E346C0AB}.Debug|Any CPU.ActiveCfg = Debug|Any CPU
		{AA1C079F-B150-4B33-A241-01F6E346C0AB}.Debug|Any CPU.Build.0 = Debug|Any CPU
		{AA1C079F-B150-4B33-A241-01F6E346C0AB}.Debug|x64.ActiveCfg = Debug|Any CPU
		{AA1C079F-B150-4B33-A241-01F6E346C0AB}.Debug|x64.Build.0 = Debug|Any CPU
		{AA1C079F-B150-4B33-A241-01F6E346C0AB}.Debug|x86.ActiveCfg = Debug|Any CPU
		{AA1C079F-B150-4B33-A241-01F6E346C0AB}.Debug|x86.Build.0 = Debug|Any CPU
		{AA1C079F-B150-4B33-A241-01F6E346C0AB}.Release|Any CPU.ActiveCfg = Release|Any CPU
		{AA1C079F-B150-4B33-A241-01F6E346C0AB}.Release|Any CPU.Build.0 = Release|Any CPU
		{AA1C079F-B150-4B33-A241-01F6E346C0AB}.Release|x64.ActiveCfg = Release|Any CPU
		{AA1C079F-B150-4B33-A241-01F6E346C0AB}.Release|x64.Build.0 = Release|Any CPU
		{AA1C079F-B150-4B33-A241-01F6E346C0AB}.Release|x86.ActiveCfg = Release|Any CPU
		{AA1C079F-B150-4B33-A241-01F6E346C0AB}.Release|x86.Build.0 = Release|Any CPU
		{22228250-A4BA-4D4C-AF64-52F7B65A80AE}.Debug|Any CPU.ActiveCfg = Debug|Any CPU
		{22228250-A4BA-4D4C-AF64-52F7B65A80AE}.Debug|Any CPU.Build.0 = Debug|Any CPU
		{22228250-A4BA-4D4C-AF64-52F7B65A80AE}.Debug|x64.ActiveCfg = Debug|Any CPU
		{22228250-A4BA-4D4C-AF64-52F7B65A80AE}.Debug|x64.Build.0 = Debug|Any CPU
		{22228250-A4BA-4D4C-AF64-52F7B65A80AE}.Debug|x86.ActiveCfg = Debug|Any CPU
		{22228250-A4BA-4D4C-AF64-52F7B65A80AE}.Debug|x86.Build.0 = Debug|Any CPU
		{22228250-A4BA-4D4C-AF64-52F7B65A80AE}.Release|Any CPU.ActiveCfg = Release|Any CPU
		{22228250-A4BA-4D4C-AF64-52F7B65A80AE}.Release|Any CPU.Build.0 = Release|Any CPU
		{22228250-A4BA-4D4C-AF64-52F7B65A80AE}.Release|x64.ActiveCfg = Release|Any CPU
		{22228250-A4BA-4D4C-AF64-52F7B65A80AE}.Release|x64.Build.0 = Release|Any CPU
		{22228250-A4BA-4D4C-AF64-52F7B65A80AE}.Release|x86.ActiveCfg = Release|Any CPU
		{22228250-A4BA-4D4C-AF64-52F7B65A80AE}.Release|x86.Build.0 = Release|Any CPU
		{2CB5093B-AA3B-486A-A8AF-3AE8FE12A536}.Debug|Any CPU.ActiveCfg = Debug|Any CPU
		{2CB5093B-AA3B-486A-A8AF-3AE8FE12A536}.Debug|Any CPU.Build.0 = Debug|Any CPU
		{2CB5093B-AA3B-486A-A8AF-3AE8FE12A536}.Debug|x64.ActiveCfg = Debug|Any CPU
		{2CB5093B-AA3B-486A-A8AF-3AE8FE12A536}.Debug|x64.Build.0 = Debug|Any CPU
		{2CB5093B-AA3B-486A-A8AF-3AE8FE12A536}.Debug|x86.ActiveCfg = Debug|Any CPU
		{2CB5093B-AA3B-486A-A8AF-3AE8FE12A536}.Debug|x86.Build.0 = Debug|Any CPU
		{2CB5093B-AA3B-486A-A8AF-3AE8FE12A536}.Release|Any CPU.ActiveCfg = Release|Any CPU
		{2CB5093B-AA3B-486A-A8AF-3AE8FE12A536}.Release|Any CPU.Build.0 = Release|Any CPU
		{2CB5093B-AA3B-486A-A8AF-3AE8FE12A536}.Release|x64.ActiveCfg = Release|Any CPU
		{2CB5093B-AA3B-486A-A8AF-3AE8FE12A536}.Release|x64.Build.0 = Release|Any CPU
		{2CB5093B-AA3B-486A-A8AF-3AE8FE12A536}.Release|x86.ActiveCfg = Release|Any CPU
		{2CB5093B-AA3B-486A-A8AF-3AE8FE12A536}.Release|x86.Build.0 = Release|Any CPU
		{F8410CCE-1694-4D33-B253-7E5EE1985226}.Debug|Any CPU.ActiveCfg = Debug|Any CPU
		{F8410CCE-1694-4D33-B253-7E5EE1985226}.Debug|Any CPU.Build.0 = Debug|Any CPU
		{F8410CCE-1694-4D33-B253-7E5EE1985226}.Debug|x64.ActiveCfg = Debug|Any CPU
		{F8410CCE-1694-4D33-B253-7E5EE1985226}.Debug|x64.Build.0 = Debug|Any CPU
		{F8410CCE-1694-4D33-B253-7E5EE1985226}.Debug|x86.ActiveCfg = Debug|Any CPU
		{F8410CCE-1694-4D33-B253-7E5EE1985226}.Debug|x86.Build.0 = Debug|Any CPU
		{F8410CCE-1694-4D33-B253-7E5EE1985226}.Release|Any CPU.ActiveCfg = Release|Any CPU
		{F8410CCE-1694-4D33-B253-7E5EE1985226}.Release|Any CPU.Build.0 = Release|Any CPU
		{F8410CCE-1694-4D33-B253-7E5EE1985226}.Release|x64.ActiveCfg = Release|Any CPU
		{F8410CCE-1694-4D33-B253-7E5EE1985226}.Release|x64.Build.0 = Release|Any CPU
		{F8410CCE-1694-4D33-B253-7E5EE1985226}.Release|x86.ActiveCfg = Release|Any CPU
		{F8410CCE-1694-4D33-B253-7E5EE1985226}.Release|x86.Build.0 = Release|Any CPU
		{5C3975DA-EF58-4AE5-80D1-1F6F1D71EB6E}.Debug|Any CPU.ActiveCfg = Debug|Any CPU
		{5C3975DA-EF58-4AE5-80D1-1F6F1D71EB6E}.Debug|Any CPU.Build.0 = Debug|Any CPU
		{5C3975DA-EF58-4AE5-80D1-1F6F1D71EB6E}.Debug|x64.ActiveCfg = Debug|Any CPU
		{5C3975DA-EF58-4AE5-80D1-1F6F1D71EB6E}.Debug|x64.Build.0 = Debug|Any CPU
		{5C3975DA-EF58-4AE5-80D1-1F6F1D71EB6E}.Debug|x86.ActiveCfg = Debug|Any CPU
		{5C3975DA-EF58-4AE5-80D1-1F6F1D71EB6E}.Debug|x86.Build.0 = Debug|Any CPU
		{5C3975DA-EF58-4AE5-80D1-1F6F1D71EB6E}.Release|Any CPU.ActiveCfg = Release|Any CPU
		{5C3975DA-EF58-4AE5-80D1-1F6F1D71EB6E}.Release|Any CPU.Build.0 = Release|Any CPU
		{5C3975DA-EF58-4AE5-80D1-1F6F1D71EB6E}.Release|x64.ActiveCfg = Release|Any CPU
		{5C3975DA-EF58-4AE5-80D1-1F6F1D71EB6E}.Release|x64.Build.0 = Release|Any CPU
		{5C3975DA-EF58-4AE5-80D1-1F6F1D71EB6E}.Release|x86.ActiveCfg = Release|Any CPU
		{5C3975DA-EF58-4AE5-80D1-1F6F1D71EB6E}.Release|x86.Build.0 = Release|Any CPU
		{40BF2B31-B751-4C69-877E-65368865D195}.Debug|Any CPU.ActiveCfg = Debug|Any CPU
		{40BF2B31-B751-4C69-877E-65368865D195}.Debug|Any CPU.Build.0 = Debug|Any CPU
		{40BF2B31-B751-4C69-877E-65368865D195}.Debug|x64.ActiveCfg = Debug|Any CPU
		{40BF2B31-B751-4C69-877E-65368865D195}.Debug|x64.Build.0 = Debug|Any CPU
		{40BF2B31-B751-4C69-877E-65368865D195}.Debug|x86.ActiveCfg = Debug|Any CPU
		{40BF2B31-B751-4C69-877E-65368865D195}.Debug|x86.Build.0 = Debug|Any CPU
		{40BF2B31-B751-4C69-877E-65368865D195}.Release|Any CPU.ActiveCfg = Release|Any CPU
		{40BF2B31-B751-4C69-877E-65368865D195}.Release|Any CPU.Build.0 = Release|Any CPU
		{40BF2B31-B751-4C69-877E-65368865D195}.Release|x64.ActiveCfg = Release|Any CPU
		{40BF2B31-B751-4C69-877E-65368865D195}.Release|x64.Build.0 = Release|Any CPU
		{40BF2B31-B751-4C69-877E-65368865D195}.Release|x86.ActiveCfg = Release|Any CPU
		{40BF2B31-B751-4C69-877E-65368865D195}.Release|x86.Build.0 = Release|Any CPU
	EndGlobalSection
EndGlobal
